// !$*UTF8*$!
{
	archiveVersion = 1;
	classes = {
	};
	objectVersion = 50;
	objects = {

/* Begin PBXBuildFile section */
		7B8575C023F10AB700DF13D9 /* MovieCell.swift in Sources */ = {isa = PBXBuildFile; fileRef = 7B8575BF23F10AB700DF13D9 /* MovieCell.swift */; };
		7B8B22E823F26209009DAB93 /* MovieController.swift in Sources */ = {isa = PBXBuildFile; fileRef = 7B8B22E723F26209009DAB93 /* MovieController.swift */; };
		7BACFF1523F10279007BD85F /* AppDelegate.swift in Sources */ = {isa = PBXBuildFile; fileRef = 7BACFF1423F10279007BD85F /* AppDelegate.swift */; };
		7BACFF1723F10279007BD85F /* SceneDelegate.swift in Sources */ = {isa = PBXBuildFile; fileRef = 7BACFF1623F10279007BD85F /* SceneDelegate.swift */; };
		7BACFF1923F10279007BD85F /* MoviesTableView.swift in Sources */ = {isa = PBXBuildFile; fileRef = 7BACFF1823F10279007BD85F /* MoviesTableView.swift */; };
		7BACFF1C23F10279007BD85F /* Main.storyboard in Resources */ = {isa = PBXBuildFile; fileRef = 7BACFF1A23F10279007BD85F /* Main.storyboard */; };
		7BACFF1E23F1027C007BD85F /* Assets.xcassets in Resources */ = {isa = PBXBuildFile; fileRef = 7BACFF1D23F1027C007BD85F /* Assets.xcassets */; };
		7BACFF2123F1027C007BD85F /* LaunchScreen.storyboard in Resources */ = {isa = PBXBuildFile; fileRef = 7BACFF1F23F1027C007BD85F /* LaunchScreen.storyboard */; };
		7BACFF2B23F103B1007BD85F /* AddMovie.swift in Sources */ = {isa = PBXBuildFile; fileRef = 7BACFF2A23F103B1007BD85F /* AddMovie.swift */; };
		7BACFF2E23F10599007BD85F /* Movie.swift in Sources */ = {isa = PBXBuildFile; fileRef = 7BACFF2D23F10599007BD85F /* Movie.swift */; };
/* End PBXBuildFile section */

/* Begin PBXFileReference section */
		7B8575BF23F10AB700DF13D9 /* MovieCell.swift */ = {isa = PBXFileReference; lastKnownFileType = sourcecode.swift; path = MovieCell.swift; sourceTree = "<group>"; };
		7B8B22E723F26209009DAB93 /* MovieController.swift */ = {isa = PBXFileReference; lastKnownFileType = sourcecode.swift; path = MovieController.swift; sourceTree = "<group>"; };
		7BACFF1123F10279007BD85F /* MovieList.app */ = {isa = PBXFileReference; explicitFileType = wrapper.application; includeInIndex = 0; path = MovieList.app; sourceTree = BUILT_PRODUCTS_DIR; };
		7BACFF1423F10279007BD85F /* AppDelegate.swift */ = {isa = PBXFileReference; lastKnownFileType = sourcecode.swift; name = AppDelegate.swift; path = ../AppDelegate.swift; sourceTree = "<group>"; };
		7BACFF1623F10279007BD85F /* SceneDelegate.swift */ = {isa = PBXFileReference; lastKnownFileType = sourcecode.swift; name = SceneDelegate.swift; path = ../SceneDelegate.swift; sourceTree = "<group>"; };
		7BACFF1823F10279007BD85F /* MoviesTableView.swift */ = {isa = PBXFileReference; lastKnownFileType = sourcecode.swift; path = MoviesTableView.swift; sourceTree = "<group>"; };
		7BACFF1B23F10279007BD85F /* Base */ = {isa = PBXFileReference; lastKnownFileType = file.storyboard; name = Base; path = Base.lproj/Main.storyboard; sourceTree = "<group>"; };
		7BACFF1D23F1027C007BD85F /* Assets.xcassets */ = {isa = PBXFileReference; lastKnownFileType = folder.assetcatalog; path = Assets.xcassets; sourceTree = "<group>"; };
		7BACFF2023F1027C007BD85F /* Base */ = {isa = PBXFileReference; lastKnownFileType = file.storyboard; name = Base; path = Base.lproj/LaunchScreen.storyboard; sourceTree = "<group>"; };
		7BACFF2223F1027C007BD85F /* Info.plist */ = {isa = PBXFileReference; lastKnownFileType = text.plist.xml; path = Info.plist; sourceTree = "<group>"; };
		7BACFF2A23F103B1007BD85F /* AddMovie.swift */ = {isa = PBXFileReference; lastKnownFileType = sourcecode.swift; path = AddMovie.swift; sourceTree = "<group>"; };
		7BACFF2D23F10599007BD85F /* Movie.swift */ = {isa = PBXFileReference; lastKnownFileType = sourcecode.swift; path = Movie.swift; sourceTree = "<group>"; };
/* End PBXFileReference section */

/* Begin PBXFrameworksBuildPhase section */
		7BACFF0E23F10279007BD85F /* Frameworks */ = {
			isa = PBXFrameworksBuildPhase;
			buildActionMask = 2147483647;
			files = (
			);
			runOnlyForDeploymentPostprocessing = 0;
		};
/* End PBXFrameworksBuildPhase section */

/* Begin PBXGroup section */
		7B8575BE23F10A9A00DF13D9 /* Cells */ = {
			isa = PBXGroup;
			children = (
				7B8575BF23F10AB700DF13D9 /* MovieCell.swift */,
			);
			path = Cells;
			sourceTree = "<group>";
		};
		7B8B22E623F261EE009DAB93 /* Model Controllers */ = {
			isa = PBXGroup;
			children = (
				7B8B22E723F26209009DAB93 /* MovieController.swift */,
			);
			path = "Model Controllers";
			sourceTree = "<group>";
		};
		7BACFF0823F10279007BD85F = {
			isa = PBXGroup;
			children = (
				7BACFF1323F10279007BD85F /* MovieList */,
			);
			sourceTree = "<group>";
		};
		7BACFF1223F10279007BD85F /* Products */ = {
			isa = PBXGroup;
			children = (
				7BACFF1123F10279007BD85F /* MovieList.app */,
			);
			name = Products;
			path = ..;
			sourceTree = "<group>";
		};
		7BACFF1323F10279007BD85F /* MovieList */ = {
			isa = PBXGroup;
			children = (
				7BACFF1223F10279007BD85F /* Products */,
				7BACFF2823F1028F007BD85F /* Resources */,
				7BACFF2C23F10586007BD85F /* Model */,
				7B8B22E623F261EE009DAB93 /* Model Controllers */,
				7B8575BE23F10A9A00DF13D9 /* Cells */,
				7BACFF2923F102A2007BD85F /* View Controllers */,
				7BACFF1A23F10279007BD85F /* Main.storyboard */,
				7BACFF1F23F1027C007BD85F /* LaunchScreen.storyboard */,
				7BACFF2223F1027C007BD85F /* Info.plist */,
			);
			path = MovieList;
			sourceTree = "<group>";
		};
		7BACFF2823F1028F007BD85F /* Resources */ = {
			isa = PBXGroup;
			children = (
				7BACFF1423F10279007BD85F /* AppDelegate.swift */,
				7BACFF1623F10279007BD85F /* SceneDelegate.swift */,
				7BACFF1D23F1027C007BD85F /* Assets.xcassets */,
			);
			path = Resources;
			sourceTree = "<group>";
		};
		7BACFF2923F102A2007BD85F /* View Controllers */ = {
			isa = PBXGroup;
			children = (
				7BACFF1823F10279007BD85F /* MoviesTableView.swift */,
				7BACFF2A23F103B1007BD85F /* AddMovie.swift */,
			);
			path = "View Controllers";
			sourceTree = "<group>";
		};
		7BACFF2C23F10586007BD85F /* Model */ = {
			isa = PBXGroup;
			children = (
				7BACFF2D23F10599007BD85F /* Movie.swift */,
			);
			path = Model;
			sourceTree = "<group>";
		};
/* End PBXGroup section */

/* Begin PBXNativeTarget section */
		7BACFF1023F10279007BD85F /* MovieList */ = {
			isa = PBXNativeTarget;
			buildConfigurationList = 7BACFF2523F1027C007BD85F /* Build configuration list for PBXNativeTarget "MovieList" */;
			buildPhases = (
				7BACFF0D23F10279007BD85F /* Sources */,
				7BACFF0E23F10279007BD85F /* Frameworks */,
				7BACFF0F23F10279007BD85F /* Resources */,
			);
			buildRules = (
			);
			dependencies = (
			);
			name = MovieList;
			productName = MovieList;
			productReference = 7BACFF1123F10279007BD85F /* MovieList.app */;
			productType = "com.apple.product-type.application";
		};
/* End PBXNativeTarget section */

/* Begin PBXProject section */
		7BACFF0923F10279007BD85F /* Project object */ = {
			isa = PBXProject;
			attributes = {
				LastSwiftUpdateCheck = 1130;
				LastUpgradeCheck = 1130;
				ORGANIZATIONNAME = "Waseem Idelbi";
				TargetAttributes = {
					7BACFF1023F10279007BD85F = {
						CreatedOnToolsVersion = 11.3.1;
					};
				};
			};
			buildConfigurationList = 7BACFF0C23F10279007BD85F /* Build configuration list for PBXProject "MovieList" */;
			compatibilityVersion = "Xcode 9.3";
			developmentRegion = en;
			hasScannedForEncodings = 0;
			knownRegions = (
				en,
				Base,
			);
			mainGroup = 7BACFF0823F10279007BD85F;
			productRefGroup = 7BACFF1223F10279007BD85F /* Products */;
			projectDirPath = "";
			projectRoot = "";
			targets = (
				7BACFF1023F10279007BD85F /* MovieList */,
			);
		};
/* End PBXProject section */

/* Begin PBXResourcesBuildPhase section */
		7BACFF0F23F10279007BD85F /* Resources */ = {
			isa = PBXResourcesBuildPhase;
			buildActionMask = 2147483647;
			files = (
				7BACFF2123F1027C007BD85F /* LaunchScreen.storyboard in Resources */,
				7BACFF1E23F1027C007BD85F /* Assets.xcassets in Resources */,
				7BACFF1C23F10279007BD85F /* Main.storyboard in Resources */,
			);
			runOnlyForDeploymentPostprocessing = 0;
		};
/* End PBXResourcesBuildPhase section */

/* Begin PBXSourcesBuildPhase section */
		7BACFF0D23F10279007BD85F /* Sources */ = {
			isa = PBXSourcesBuildPhase;
			buildActionMask = 2147483647;
			files = (
				7BACFF1923F10279007BD85F /* MoviesTableView.swift in Sources */,
				7BACFF1523F10279007BD85F /* AppDelegate.swift in Sources */,
				7B8575C023F10AB700DF13D9 /* MovieCell.swift in Sources */,
				7BACFF2B23F103B1007BD85F /* AddMovie.swift in Sources */,
				7BACFF1723F10279007BD85F /* SceneDelegate.swift in Sources */,
				7B8B22E823F26209009DAB93 /* MovieController.swift in Sources */,
				7BACFF2E23F10599007BD85F /* Movie.swift in Sources */,
			);
			runOnlyForDeploymentPostprocessing = 0;
		};
/* End PBXSourcesBuildPhase section */

/* Begin PBXVariantGroup section */
		7BACFF1A23F10279007BD85F /* Main.storyboard */ = {
			isa = PBXVariantGroup;
			children = (
				7BACFF1B23F10279007BD85F /* Base */,
			);
			name = Main.storyboard;
			sourceTree = "<group>";
		};
		7BACFF1F23F1027C007BD85F /* LaunchScreen.storyboard */ = {
			isa = PBXVariantGroup;
			children = (
				7BACFF2023F1027C007BD85F /* Base */,
			);
			name = LaunchScreen.storyboard;
			sourceTree = "<group>";
		};
/* End PBXVariantGroup section */

/* Begin XCBuildConfiguration section */
		7BACFF2323F1027C007BD85F /* Debug */ = {
			isa = XCBuildConfiguration;
			buildSettings = {
				ALWAYS_SEARCH_USER_PATHS = NO;
				CLANG_ANALYZER_NONNULL = YES;
				CLANG_ANALYZER_NUMBER_OBJECT_CONVERSION = YES_AGGRESSIVE;
				CLANG_CXX_LANGUAGE_STANDARD = "gnu++14";
				CLANG_CXX_LIBRARY = "libc++";
				CLANG_ENABLE_MODULES = YES;
				CLANG_ENABLE_OBJC_ARC = YES;
				CLANG_ENABLE_OBJC_WEAK = YES;
				CLANG_WARN_BLOCK_CAPTURE_AUTORELEASING = YES;
				CLANG_WARN_BOOL_CONVERSION = YES;
				CLANG_WARN_COMMA = YES;
				CLANG_WARN_CONSTANT_CONVERSION = YES;
				CLANG_WARN_DEPRECATED_OBJC_IMPLEMENTATIONS = YES;
				CLANG_WARN_DIRECT_OBJC_ISA_USAGE = YES_ERROR;
				CLANG_WARN_DOCUMENTATION_COMMENTS = YES;
				CLANG_WARN_EMPTY_BODY = YES;
				CLANG_WARN_ENUM_CONVERSION = YES;
				CLANG_WARN_INFINITE_RECURSION = YES;
				CLANG_WARN_INT_CONVERSION = YES;
				CLANG_WARN_NON_LITERAL_NULL_CONVERSION = YES;
				CLANG_WARN_OBJC_IMPLICIT_RETAIN_SELF = YES;
				CLANG_WARN_OBJC_LITERAL_CONVERSION = YES;
				CLANG_WARN_OBJC_ROOT_CLASS = YES_ERROR;
				CLANG_WARN_RANGE_LOOP_ANALYSIS = YES;
				CLANG_WARN_STRICT_PROTOTYPES = YES;
				CLANG_WARN_SUSPICIOUS_MOVE = YES;
				CLANG_WARN_UNGUARDED_AVAILABILITY = YES_AGGRESSIVE;
				CLANG_WARN_UNREACHABLE_CODE = YES;
				CLANG_WARN__DUPLICATE_METHOD_MATCH = YES;
				COPY_PHASE_STRIP = NO;
				DEBUG_INFORMATION_FORMAT = dwarf;
				ENABLE_STRICT_OBJC_MSGSEND = YES;
				ENABLE_TESTABILITY = YES;
				GCC_C_LANGUAGE_STANDARD = gnu11;
				GCC_DYNAMIC_NO_PIC = NO;
				GCC_NO_COMMON_BLOCKS = YES;
				GCC_OPTIMIZATION_LEVEL = 0;
				GCC_PREPROCESSOR_DEFINITIONS = (
					"DEBUG=1",
					"$(inherited)",
				);
				GCC_WARN_64_TO_32_BIT_CONVERSION = YES;
				GCC_WARN_ABOUT_RETURN_TYPE = YES_ERROR;
				GCC_WARN_UNDECLARED_SELECTOR = YES;
				GCC_WARN_UNINITIALIZED_AUTOS = YES_AGGRESSIVE;
				GCC_WARN_UNUSED_FUNCTION = YES;
				GCC_WARN_UNUSED_VARIABLE = YES;
				IPHONEOS_DEPLOYMENT_TARGET = 13.2;
				MTL_ENABLE_DEBUG_INFO = INCLUDE_SOURCE;
				MTL_FAST_MATH = YES;
				ONLY_ACTIVE_ARCH = YES;
				SDKROOT = iphoneos;
				SWIFT_ACTIVE_COMPILATION_CONDITIONS = DEBUG;
				SWIFT_OPTIMIZATION_LEVEL = "-Onone";
			};
			name = Debug;
		};
		7BACFF2423F1027C007BD85F /* Release */ = {
			isa = XCBuildConfiguration;
			buildSettings = {
				ALWAYS_SEARCH_USER_PATHS = NO;
				CLANG_ANALYZER_NONNULL = YES;
				CLANG_ANALYZER_NUMBER_OBJECT_CONVERSION = YES_AGGRESSIVE;
				CLANG_CXX_LANGUAGE_STANDARD = "gnu++14";
				CLANG_CXX_LIBRARY = "libc++";
				CLANG_ENABLE_MODULES = YES;
				CLANG_ENABLE_OBJC_ARC = YES;
				CLANG_ENABLE_OBJC_WEAK = YES;
				CLANG_WARN_BLOCK_CAPTURE_AUTORELEASING = YES;
				CLANG_WARN_BOOL_CONVERSION = YES;
				CLANG_WARN_COMMA = YES;
				CLANG_WARN_CONSTANT_CONVERSION = YES;
				CLANG_WARN_DEPRECATED_OBJC_IMPLEMENTATIONS = YES;
				CLANG_WARN_DIRECT_OBJC_ISA_USAGE = YES_ERROR;
				CLANG_WARN_DOCUMENTATION_COMMENTS = YES;
				CLANG_WARN_EMPTY_BODY = YES;
				CLANG_WARN_ENUM_CONVERSION = YES;
				CLANG_WARN_INFINITE_RECURSION = YES;
				CLANG_WARN_INT_CONVERSION = YES;
				CLANG_WARN_NON_LITERAL_NULL_CONVERSION = YES;
				CLANG_WARN_OBJC_IMPLICIT_RETAIN_SELF = YES;
				CLANG_WARN_OBJC_LITERAL_CONVERSION = YES;
				CLANG_WARN_OBJC_ROOT_CLASS = YES_ERROR;
				CLANG_WARN_RANGE_LOOP_ANALYSIS = YES;
				CLANG_WARN_STRICT_PROTOTYPES = YES;
				CLANG_WARN_SUSPICIOUS_MOVE = YES;
				CLANG_WARN_UNGUARDED_AVAILABILITY = YES_AGGRESSIVE;
				CLANG_WARN_UNREACHABLE_CODE = YES;
				CLANG_WARN__DUPLICATE_METHOD_MATCH = YES;
				COPY_PHASE_STRIP = NO;
				DEBUG_INFORMATION_FORMAT = "dwarf-with-dsym";
				ENABLE_NS_ASSERTIONS = NO;
				ENABLE_STRICT_OBJC_MSGSEND = YES;
				GCC_C_LANGUAGE_STANDARD = gnu11;
				GCC_NO_COMMON_BLOCKS = YES;
				GCC_WARN_64_TO_32_BIT_CONVERSION = YES;
				GCC_WARN_ABOUT_RETURN_TYPE = YES_ERROR;
				GCC_WARN_UNDECLARED_SELECTOR = YES;
				GCC_WARN_UNINITIALIZED_AUTOS = YES_AGGRESSIVE;
				GCC_WARN_UNUSED_FUNCTION = YES;
				GCC_WARN_UNUSED_VARIABLE = YES;
				IPHONEOS_DEPLOYMENT_TARGET = 13.2;
				MTL_ENABLE_DEBUG_INFO = NO;
				MTL_FAST_MATH = YES;
				SDKROOT = iphoneos;
				SWIFT_COMPILATION_MODE = wholemodule;
				SWIFT_OPTIMIZATION_LEVEL = "-O";
				VALIDATE_PRODUCT = YES;
			};
			name = Release;
		};
		7BACFF2623F1027C007BD85F /* Debug */ = {
			isa = XCBuildConfiguration;
			buildSettings = {
				ASSETCATALOG_COMPILER_APPICON_NAME = AppIcon;
				CODE_SIGN_STYLE = Automatic;
				INFOPLIST_FILE = MovieList/Info.plist;
				LD_RUNPATH_SEARCH_PATHS = (
					"$(inherited)",
					"@executable_path/Frameworks",
				);
				PRODUCT_BUNDLE_IDENTIFIER = com.idelbiw.MovieList;
				PRODUCT_NAME = "$(TARGET_NAME)";
				SWIFT_VERSION = 5.0;
				TARGETED_DEVICE_FAMILY = "1,2";
			};
			name = Debug;
		};
		7BACFF2723F1027C007BD85F /* Release */ = {
			isa = XCBuildConfiguration;
			buildSettings = {
				ASSETCATALOG_COMPILER_APPICON_NAME = AppIcon;
				CODE_SIGN_STYLE = Automatic;
				INFOPLIST_FILE = MovieList/Info.plist;
				LD_RUNPATH_SEARCH_PATHS = (
					"$(inherited)",
					"@executable_path/Frameworks",
				);
				PRODUCT_BUNDLE_IDENTIFIER = com.idelbiw.MovieList;
				PRODUCT_NAME = "$(TARGET_NAME)";
				SWIFT_VERSION = 5.0;
				TARGETED_DEVICE_FAMILY = "1,2";
			};
			name = Release;
		};
/* End XCBuildConfiguration section */

/* Begin XCConfigurationList section */
		7BACFF0C23F10279007BD85F /* Build configuration list for PBXProject "MovieList" */ = {
			isa = XCConfigurationList;
			buildConfigurations = (
				7BACFF2323F1027C007BD85F /* Debug */,
				7BACFF2423F1027C007BD85F /* Release */,
			);
			defaultConfigurationIsVisible = 0;
			defaultConfigurationName = Release;
		};
		7BACFF2523F1027C007BD85F /* Build configuration list for PBXNativeTarget "MovieList" */ = {
			isa = XCConfigurationList;
			buildConfigurations = (
				7BACFF2623F1027C007BD85F /* Debug */,
				7BACFF2723F1027C007BD85F /* Release */,
			);
			defaultConfigurationIsVisible = 0;
			defaultConfigurationName = Release;
		};
/* End XCConfigurationList section */
	};
	rootObject = 7BACFF0923F10279007BD85F /* Project object */;
}
