// !$*UTF8*$!
{
	archiveVersion = 1;
	classes = {
	};
	objectVersion = 50;
	objects = {

/* Begin PBXBuildFile section */
		9E3AA96C21F230A300987456 /* AppDelegate.swift in Sources */ = {isa = PBXBuildFile; fileRef = 9E3AA96B21F230A300987456 /* AppDelegate.swift */; };
		9E3AA96E21F230A300987456 /* ViewController.swift in Sources */ = {isa = PBXBuildFile; fileRef = 9E3AA96D21F230A300987456 /* ViewController.swift */; };
		9E3AA97121F230A300987456 /* Main.storyboard in Resources */ = {isa = PBXBuildFile; fileRef = 9E3AA96F21F230A300987456 /* Main.storyboard */; };
		9E3AA97321F230BF00987456 /* Assets.xcassets in Resources */ = {isa = PBXBuildFile; fileRef = 9E3AA97221F230BF00987456 /* Assets.xcassets */; };
		9E3AA97621F230BF00987456 /* LaunchScreen.storyboard in Resources */ = {isa = PBXBuildFile; fileRef = 9E3AA97421F230BF00987456 /* LaunchScreen.storyboard */; };
		9E3AA97E21F230F300987456 /* MovieModel.swift in Sources */ = {isa = PBXBuildFile; fileRef = 9E3AA97D21F230F300987456 /* MovieModel.swift */; };
		9E3AA98021F2315000987456 /* MovieController.swift in Sources */ = {isa = PBXBuildFile; fileRef = 9E3AA97F21F2315000987456 /* MovieController.swift */; };
/* End PBXBuildFile section */

/* Begin PBXFileReference section */
		9E3AA96821F230A300987456 /* MovieList2.app */ = {isa = PBXFileReference; explicitFileType = wrapper.application; includeInIndex = 0; path = MovieList2.app; sourceTree = BUILT_PRODUCTS_DIR; };
		9E3AA96B21F230A300987456 /* AppDelegate.swift */ = {isa = PBXFileReference; lastKnownFileType = sourcecode.swift; path = AppDelegate.swift; sourceTree = "<group>"; };
		9E3AA96D21F230A300987456 /* ViewController.swift */ = {isa = PBXFileReference; lastKnownFileType = sourcecode.swift; path = ViewController.swift; sourceTree = "<group>"; };
		9E3AA97021F230A300987456 /* Base */ = {isa = PBXFileReference; lastKnownFileType = file.storyboard; name = Base; path = Base.lproj/Main.storyboard; sourceTree = "<group>"; };
		9E3AA97221F230BF00987456 /* Assets.xcassets */ = {isa = PBXFileReference; lastKnownFileType = folder.assetcatalog; path = Assets.xcassets; sourceTree = "<group>"; };
		9E3AA97521F230BF00987456 /* Base */ = {isa = PBXFileReference; lastKnownFileType = file.storyboard; name = Base; path = Base.lproj/LaunchScreen.storyboard; sourceTree = "<group>"; };
		9E3AA97721F230BF00987456 /* Info.plist */ = {isa = PBXFileReference; lastKnownFileType = text.plist.xml; path = Info.plist; sourceTree = "<group>"; };
		9E3AA97D21F230F300987456 /* MovieModel.swift */ = {isa = PBXFileReference; lastKnownFileType = sourcecode.swift; path = MovieModel.swift; sourceTree = "<group>"; };
		9E3AA97F21F2315000987456 /* MovieController.swift */ = {isa = PBXFileReference; lastKnownFileType = sourcecode.swift; path = MovieController.swift; sourceTree = "<group>"; };
/* End PBXFileReference section */

/* Begin PBXFrameworksBuildPhase section */
		9E3AA96521F230A300987456 /* Frameworks */ = {
			isa = PBXFrameworksBuildPhase;
			buildActionMask = 2147483647;
			files = (
			);
			runOnlyForDeploymentPostprocessing = 0;
		};
/* End PBXFrameworksBuildPhase section */

/* Begin PBXGroup section */
		9E3AA95F21F230A300987456 = {
			isa = PBXGroup;
			children = (
				9E3AA97D21F230F300987456 /* MovieModel.swift */,
				9E3AA97F21F2315000987456 /* MovieController.swift */,
				9E3AA96A21F230A300987456 /* MovieList2 */,
				9E3AA96921F230A300987456 /* Products */,
			);
			sourceTree = "<group>";
		};
		9E3AA96921F230A300987456 /* Products */ = {
			isa = PBXGroup;
			children = (
				9E3AA96821F230A300987456 /* MovieList2.app */,
			);
			name = Products;
			sourceTree = "<group>";
		};
		9E3AA96A21F230A300987456 /* MovieList2 */ = {
			isa = PBXGroup;
			children = (
				9E3AA96B21F230A300987456 /* AppDelegate.swift */,
				9E3AA96D21F230A300987456 /* ViewController.swift */,
				9E3AA96F21F230A300987456 /* Main.storyboard */,
				9E3AA97221F230BF00987456 /* Assets.xcassets */,
				9E3AA97421F230BF00987456 /* LaunchScreen.storyboard */,
				9E3AA97721F230BF00987456 /* Info.plist */,
			);
			path = MovieList2;
			sourceTree = "<group>";
		};
/* End PBXGroup section */

/* Begin PBXNativeTarget section */
		9E3AA96721F230A300987456 /* MovieList2 */ = {
			isa = PBXNativeTarget;
			buildConfigurationList = 9E3AA97A21F230BF00987456 /* Build configuration list for PBXNativeTarget "MovieList2" */;
			buildPhases = (
				9E3AA96421F230A300987456 /* Sources */,
				9E3AA96521F230A300987456 /* Frameworks */,
				9E3AA96621F230A300987456 /* Resources */,
			);
			buildRules = (
			);
			dependencies = (
			);
			name = MovieList2;
			productName = MovieList2;
			productReference = 9E3AA96821F230A300987456 /* MovieList2.app */;
			productType = "com.apple.product-type.application";
		};
/* End PBXNativeTarget section */

/* Begin PBXProject section */
		9E3AA96021F230A300987456 /* Project object */ = {
			isa = PBXProject;
			attributes = {
				LastSwiftUpdateCheck = 1010;
				LastUpgradeCheck = 1010;
				ORGANIZATIONNAME = "Diante Lewis-Jolley";
				TargetAttributes = {
					9E3AA96721F230A300987456 = {
						CreatedOnToolsVersion = 10.1;
					};
				};
			};
			buildConfigurationList = 9E3AA96321F230A300987456 /* Build configuration list for PBXProject "MovieList2" */;
			compatibilityVersion = "Xcode 9.3";
			developmentRegion = en;
			hasScannedForEncodings = 0;
			knownRegions = (
				en,
				Base,
			);
			mainGroup = 9E3AA95F21F230A300987456;
			productRefGroup = 9E3AA96921F230A300987456 /* Products */;
			projectDirPath = "";
			projectRoot = "";
			targets = (
				9E3AA96721F230A300987456 /* MovieList2 */,
			);
		};
/* End PBXProject section */

/* Begin PBXResourcesBuildPhase section */
		9E3AA96621F230A300987456 /* Resources */ = {
			isa = PBXResourcesBuildPhase;
			buildActionMask = 2147483647;
			files = (
				9E3AA97621F230BF00987456 /* LaunchScreen.storyboard in Resources */,
				9E3AA97321F230BF00987456 /* Assets.xcassets in Resources */,
				9E3AA97121F230A300987456 /* Main.storyboard in Resources */,
			);
			runOnlyForDeploymentPostprocessing = 0;
		};
/* End PBXResourcesBuildPhase section */

/* Begin PBXSourcesBuildPhase section */
		9E3AA96421F230A300987456 /* Sources */ = {
			isa = PBXSourcesBuildPhase;
			buildActionMask = 2147483647;
			files = (
				9E3AA98021F2315000987456 /* MovieController.swift in Sources */,
				9E3AA97E21F230F300987456 /* MovieModel.swift in Sources */,
				9E3AA96E21F230A300987456 /* ViewController.swift in Sources */,
				9E3AA96C21F230A300987456 /* AppDelegate.swift in Sources */,
			);
			runOnlyForDeploymentPostprocessing = 0;
		};
/* End PBXSourcesBuildPhase section */

/* Begin PBXVariantGroup section */
		9E3AA96F21F230A300987456 /* Main.storyboard */ = {
			isa = PBXVariantGroup;
			children = (
				9E3AA97021F230A300987456 /* Base */,
			);
			name = Main.storyboard;
			sourceTree = "<group>";
		};
		9E3AA97421F230BF00987456 /* LaunchScreen.storyboard */ = {
			isa = PBXVariantGroup;
			children = (
				9E3AA97521F230BF00987456 /* Base */,
			);
			name = LaunchScreen.storyboard;
			sourceTree = "<group>";
		};
/* End PBXVariantGroup section */

/* Begin XCBuildConfiguration section */
		9E3AA97821F230BF00987456 /* Debug */ = {
			isa = XCBuildConfiguration;
			buildSettings = {
				ALWAYS_SEARCH_USER_PATHS = NO;
				CLANG_ANALYZER_NONNULL = YES;
				CLANG_ANALYZER_NUMBER_OBJECT_CONVERSION = YES_AGGRESSIVE;
				CLANG_CXX_LANGUAGE_STANDARD = "gnu++14";
				CLANG_CXX_LIBRARY = "libc++";
				CLANG_ENABLE_MODULES = YES;
				CLANG_ENABLE_OBJC_ARC = YES;
				CLANG_ENABLE_OBJC_WEAK = YES;
				CLANG_WARN_BLOCK_CAPTURE_AUTORELEASING = YES;
				CLANG_WARN_BOOL_CONVERSION = YES;
				CLANG_WARN_COMMA = YES;
				CLANG_WARN_CONSTANT_CONVERSION = YES;
				CLANG_WARN_DEPRECATED_OBJC_IMPLEMENTATIONS = YES;
				CLANG_WARN_DIRECT_OBJC_ISA_USAGE = YES_ERROR;
				CLANG_WARN_DOCUMENTATION_COMMENTS = YES;
				CLANG_WARN_EMPTY_BODY = YES;
				CLANG_WARN_ENUM_CONVERSION = YES;
				CLANG_WARN_INFINITE_RECURSION = YES;
				CLANG_WARN_INT_CONVERSION = YES;
				CLANG_WARN_NON_LITERAL_NULL_CONVERSION = YES;
				CLANG_WARN_OBJC_IMPLICIT_RETAIN_SELF = YES;
				CLANG_WARN_OBJC_LITERAL_CONVERSION = YES;
				CLANG_WARN_OBJC_ROOT_CLASS = YES_ERROR;
				CLANG_WARN_RANGE_LOOP_ANALYSIS = YES;
				CLANG_WARN_STRICT_PROTOTYPES = YES;
				CLANG_WARN_SUSPICIOUS_MOVE = YES;
				CLANG_WARN_UNGUARDED_AVAILABILITY = YES_AGGRESSIVE;
				CLANG_WARN_UNREACHABLE_CODE = YES;
				CLANG_WARN__DUPLICATE_METHOD_MATCH = YES;
				CODE_SIGN_IDENTITY = "iPhone Developer";
				COPY_PHASE_STRIP = NO;
				DEBUG_INFORMATION_FORMAT = dwarf;
				ENABLE_STRICT_OBJC_MSGSEND = YES;
				ENABLE_TESTABILITY = YES;
				GCC_C_LANGUAGE_STANDARD = gnu11;
				GCC_DYNAMIC_NO_PIC = NO;
				GCC_NO_COMMON_BLOCKS = YES;
				GCC_OPTIMIZATION_LEVEL = 0;
				GCC_PREPROCESSOR_DEFINITIONS = (
					"DEBUG=1",
					"$(inherited)",
				);
				GCC_WARN_64_TO_32_BIT_CONVERSION = YES;
				GCC_WARN_ABOUT_RETURN_TYPE = YES_ERROR;
				GCC_WARN_UNDECLARED_SELECTOR = YES;
				GCC_WARN_UNINITIALIZED_AUTOS = YES_AGGRESSIVE;
				GCC_WARN_UNUSED_FUNCTION = YES;
				GCC_WARN_UNUSED_VARIABLE = YES;
				IPHONEOS_DEPLOYMENT_TARGET = 12.1;
				MTL_ENABLE_DEBUG_INFO = INCLUDE_SOURCE;
				MTL_FAST_MATH = YES;
				ONLY_ACTIVE_ARCH = YES;
				SDKROOT = iphoneos;
				SWIFT_ACTIVE_COMPILATION_CONDITIONS = DEBUG;
				SWIFT_OPTIMIZATION_LEVEL = "-Onone";
			};
			name = Debug;
		};
		9E3AA97921F230BF00987456 /* Release */ = {
			isa = XCBuildConfiguration;
			buildSettings = {
				ALWAYS_SEARCH_USER_PATHS = NO;
				CLANG_ANALYZER_NONNULL = YES;
				CLANG_ANALYZER_NUMBER_OBJECT_CONVERSION = YES_AGGRESSIVE;
				CLANG_CXX_LANGUAGE_STANDARD = "gnu++14";
				CLANG_CXX_LIBRARY = "libc++";
				CLANG_ENABLE_MODULES = YES;
				CLANG_ENABLE_OBJC_ARC = YES;
				CLANG_ENABLE_OBJC_WEAK = YES;
				CLANG_WARN_BLOCK_CAPTURE_AUTORELEASING = YES;
				CLANG_WARN_BOOL_CONVERSION = YES;
				CLANG_WARN_COMMA = YES;
				CLANG_WARN_CONSTANT_CONVERSION = YES;
				CLANG_WARN_DEPRECATED_OBJC_IMPLEMENTATIONS = YES;
				CLANG_WARN_DIRECT_OBJC_ISA_USAGE = YES_ERROR;
				CLANG_WARN_DOCUMENTATION_COMMENTS = YES;
				CLANG_WARN_EMPTY_BODY = YES;
				CLANG_WARN_ENUM_CONVERSION = YES;
				CLANG_WARN_INFINITE_RECURSION = YES;
				CLANG_WARN_INT_CONVERSION = YES;
				CLANG_WARN_NON_LITERAL_NULL_CONVERSION = YES;
				CLANG_WARN_OBJC_IMPLICIT_RETAIN_SELF = YES;
				CLANG_WARN_OBJC_LITERAL_CONVERSION = YES;
				CLANG_WARN_OBJC_ROOT_CLASS = YES_ERROR;
				CLANG_WARN_RANGE_LOOP_ANALYSIS = YES;
				CLANG_WARN_STRICT_PROTOTYPES = YES;
				CLANG_WARN_SUSPICIOUS_MOVE = YES;
				CLANG_WARN_UNGUARDED_AVAILABILITY = YES_AGGRESSIVE;
				CLANG_WARN_UNREACHABLE_CODE = YES;
				CLANG_WARN__DUPLICATE_METHOD_MATCH = YES;
				CODE_SIGN_IDENTITY = "iPhone Developer";
				COPY_PHASE_STRIP = NO;
				DEBUG_INFORMATION_FORMAT = "dwarf-with-dsym";
				ENABLE_NS_ASSERTIONS = NO;
				ENABLE_STRICT_OBJC_MSGSEND = YES;
				GCC_C_LANGUAGE_STANDARD = gnu11;
				GCC_NO_COMMON_BLOCKS = YES;
				GCC_WARN_64_TO_32_BIT_CONVERSION = YES;
				GCC_WARN_ABOUT_RETURN_TYPE = YES_ERROR;
				GCC_WARN_UNDECLARED_SELECTOR = YES;
				GCC_WARN_UNINITIALIZED_AUTOS = YES_AGGRESSIVE;
				GCC_WARN_UNUSED_FUNCTION = YES;
				GCC_WARN_UNUSED_VARIABLE = YES;
				IPHONEOS_DEPLOYMENT_TARGET = 12.1;
				MTL_ENABLE_DEBUG_INFO = NO;
				MTL_FAST_MATH = YES;
				SDKROOT = iphoneos;
				SWIFT_COMPILATION_MODE = wholemodule;
				SWIFT_OPTIMIZATION_LEVEL = "-O";
				VALIDATE_PRODUCT = YES;
			};
			name = Release;
		};
		9E3AA97B21F230BF00987456 /* Debug */ = {
			isa = XCBuildConfiguration;
			buildSettings = {
				ASSETCATALOG_COMPILER_APPICON_NAME = AppIcon;
				CODE_SIGN_STYLE = Automatic;
				DEVELOPMENT_TEAM = TP75B2J23B;
				INFOPLIST_FILE = MovieList2/Info.plist;
				LD_RUNPATH_SEARCH_PATHS = (
					"$(inherited)",
					"@executable_path/Frameworks",
				);
				PRODUCT_BUNDLE_IDENTIFIER = com.Diantelewisjolley.MovieList2;
				PRODUCT_NAME = "$(TARGET_NAME)";
				SWIFT_VERSION = 4.2;
				TARGETED_DEVICE_FAMILY = "1,2";
			};
			name = Debug;
		};
		9E3AA97C21F230BF00987456 /* Release */ = {
			isa = XCBuildConfiguration;
			buildSettings = {
				ASSETCATALOG_COMPILER_APPICON_NAME = AppIcon;
				CODE_SIGN_STYLE = Automatic;
				DEVELOPMENT_TEAM = TP75B2J23B;
				INFOPLIST_FILE = MovieList2/Info.plist;
				LD_RUNPATH_SEARCH_PATHS = (
					"$(inherited)",
					"@executable_path/Frameworks",
				);
				PRODUCT_BUNDLE_IDENTIFIER = com.Diantelewisjolley.MovieList2;
				PRODUCT_NAME = "$(TARGET_NAME)";
				SWIFT_VERSION = 4.2;
				TARGETED_DEVICE_FAMILY = "1,2";
			};
			name = Release;
		};
/* End XCBuildConfiguration section */

/* Begin XCConfigurationList section */
		9E3AA96321F230A300987456 /* Build configuration list for PBXProject "MovieList2" */ = {
			isa = XCConfigurationList;
			buildConfigurations = (
				9E3AA97821F230BF00987456 /* Debug */,
				9E3AA97921F230BF00987456 /* Release */,
			);
			defaultConfigurationIsVisible = 0;
			defaultConfigurationName = Release;
		};
		9E3AA97A21F230BF00987456 /* Build configuration list for PBXNativeTarget "MovieList2" */ = {
			isa = XCConfigurationList;
			buildConfigurations = (
				9E3AA97B21F230BF00987456 /* Debug */,
				9E3AA97C21F230BF00987456 /* Release */,
			);
			defaultConfigurationIsVisible = 0;
			defaultConfigurationName = Release;
		};
/* End XCConfigurationList section */
	};
	rootObject = 9E3AA96021F230A300987456 /* Project object */;
}
