// !$*UTF8*$!
{
	archiveVersion = 1;
	classes = {
	};
	objectVersion = 50;
	objects = {

/* Begin PBXBuildFile section */
		C391BA142142C9E4006FA73D /* AppDelegate.swift in Sources */ = {isa = PBXBuildFile; fileRef = C391BA132142C9E4006FA73D /* AppDelegate.swift */; };
		C391BA192142C9E4006FA73D /* Main.storyboard in Resources */ = {isa = PBXBuildFile; fileRef = C391BA172142C9E4006FA73D /* Main.storyboard */; };
		C391BA1B2142C9E6006FA73D /* Assets.xcassets in Resources */ = {isa = PBXBuildFile; fileRef = C391BA1A2142C9E6006FA73D /* Assets.xcassets */; };
		C391BA1E2142C9E6006FA73D /* LaunchScreen.storyboard in Resources */ = {isa = PBXBuildFile; fileRef = C391BA1C2142C9E6006FA73D /* LaunchScreen.storyboard */; };
		C391BA262142CCB9006FA73D /* Movie.swift in Sources */ = {isa = PBXBuildFile; fileRef = C391BA252142CCB9006FA73D /* Movie.swift */; };
		C391BA282142CD09006FA73D /* MovieController.swift in Sources */ = {isa = PBXBuildFile; fileRef = C391BA272142CD09006FA73D /* MovieController.swift */; };
		C391BA2A2142D061006FA73D /* AddMovieViewController.swift in Sources */ = {isa = PBXBuildFile; fileRef = C391BA292142D061006FA73D /* AddMovieViewController.swift */; };
		C391BA2F2142D138006FA73D /* MoviesTableViewController.swift in Sources */ = {isa = PBXBuildFile; fileRef = C391BA2E2142D138006FA73D /* MoviesTableViewController.swift */; };
		C391BA312142D17D006FA73D /* MovieListTabBarController.swift in Sources */ = {isa = PBXBuildFile; fileRef = C391BA302142D17D006FA73D /* MovieListTabBarController.swift */; };
		C391BA332142D191006FA73D /* MoviesTableViewCell.swift in Sources */ = {isa = PBXBuildFile; fileRef = C391BA322142D191006FA73D /* MoviesTableViewCell.swift */; };
/* End PBXBuildFile section */

/* Begin PBXFileReference section */
		C391BA102142C9E4006FA73D /* MovieList2.app */ = {isa = PBXFileReference; explicitFileType = wrapper.application; includeInIndex = 0; path = MovieList2.app; sourceTree = BUILT_PRODUCTS_DIR; };
		C391BA132142C9E4006FA73D /* AppDelegate.swift */ = {isa = PBXFileReference; lastKnownFileType = sourcecode.swift; path = AppDelegate.swift; sourceTree = "<group>"; };
		C391BA182142C9E4006FA73D /* Base */ = {isa = PBXFileReference; lastKnownFileType = file.storyboard; name = Base; path = Base.lproj/Main.storyboard; sourceTree = "<group>"; };
		C391BA1A2142C9E6006FA73D /* Assets.xcassets */ = {isa = PBXFileReference; lastKnownFileType = folder.assetcatalog; path = Assets.xcassets; sourceTree = "<group>"; };
		C391BA1D2142C9E6006FA73D /* Base */ = {isa = PBXFileReference; lastKnownFileType = file.storyboard; name = Base; path = Base.lproj/LaunchScreen.storyboard; sourceTree = "<group>"; };
		C391BA1F2142C9E6006FA73D /* Info.plist */ = {isa = PBXFileReference; lastKnownFileType = text.plist.xml; path = Info.plist; sourceTree = "<group>"; };
		C391BA252142CCB9006FA73D /* Movie.swift */ = {isa = PBXFileReference; lastKnownFileType = sourcecode.swift; path = Movie.swift; sourceTree = "<group>"; };
		C391BA272142CD09006FA73D /* MovieController.swift */ = {isa = PBXFileReference; lastKnownFileType = sourcecode.swift; path = MovieController.swift; sourceTree = "<group>"; };
		C391BA292142D061006FA73D /* AddMovieViewController.swift */ = {isa = PBXFileReference; lastKnownFileType = sourcecode.swift; path = AddMovieViewController.swift; sourceTree = "<group>"; };
		C391BA2E2142D138006FA73D /* MoviesTableViewController.swift */ = {isa = PBXFileReference; lastKnownFileType = sourcecode.swift; path = MoviesTableViewController.swift; sourceTree = "<group>"; };
		C391BA302142D17D006FA73D /* MovieListTabBarController.swift */ = {isa = PBXFileReference; lastKnownFileType = sourcecode.swift; path = MovieListTabBarController.swift; sourceTree = "<group>"; };
		C391BA322142D191006FA73D /* MoviesTableViewCell.swift */ = {isa = PBXFileReference; lastKnownFileType = sourcecode.swift; path = MoviesTableViewCell.swift; sourceTree = "<group>"; };
/* End PBXFileReference section */

/* Begin PBXFrameworksBuildPhase section */
		C391BA0D2142C9E4006FA73D /* Frameworks */ = {
			isa = PBXFrameworksBuildPhase;
			buildActionMask = 2147483647;
			files = (
			);
			runOnlyForDeploymentPostprocessing = 0;
		};
/* End PBXFrameworksBuildPhase section */

/* Begin PBXGroup section */
		C391BA072142C9E4006FA73D = {
			isa = PBXGroup;
			children = (
				C391BA122142C9E4006FA73D /* MovieList2 */,
				C391BA112142C9E4006FA73D /* Products */,
			);
			sourceTree = "<group>";
		};
		C391BA112142C9E4006FA73D /* Products */ = {
			isa = PBXGroup;
			children = (
				C391BA102142C9E4006FA73D /* MovieList2.app */,
			);
			name = Products;
			sourceTree = "<group>";
		};
		C391BA122142C9E4006FA73D /* MovieList2 */ = {
			isa = PBXGroup;
			children = (
				C391BA132142C9E4006FA73D /* AppDelegate.swift */,
				C391BA2D2142D095006FA73D /* Storyboards */,
				C391BA2B2142D065006FA73D /* View Controllers */,
				C391BA2C2142D084006FA73D /* Model */,
				C391BA1A2142C9E6006FA73D /* Assets.xcassets */,
				C391BA1C2142C9E6006FA73D /* LaunchScreen.storyboard */,
				C391BA1F2142C9E6006FA73D /* Info.plist */,
			);
			path = MovieList2;
			sourceTree = "<group>";
		};
		C391BA2B2142D065006FA73D /* View Controllers */ = {
			isa = PBXGroup;
			children = (
				C391BA292142D061006FA73D /* AddMovieViewController.swift */,
				C391BA2E2142D138006FA73D /* MoviesTableViewController.swift */,
				C391BA302142D17D006FA73D /* MovieListTabBarController.swift */,
				C391BA322142D191006FA73D /* MoviesTableViewCell.swift */,
			);
			path = "View Controllers";
			sourceTree = "<group>";
		};
		C391BA2C2142D084006FA73D /* Model */ = {
			isa = PBXGroup;
			children = (
				C391BA252142CCB9006FA73D /* Movie.swift */,
				C391BA272142CD09006FA73D /* MovieController.swift */,
			);
			path = Model;
			sourceTree = "<group>";
		};
		C391BA2D2142D095006FA73D /* Storyboards */ = {
			isa = PBXGroup;
			children = (
				C391BA172142C9E4006FA73D /* Main.storyboard */,
			);
			path = Storyboards;
			sourceTree = "<group>";
		};
/* End PBXGroup section */

/* Begin PBXNativeTarget section */
		C391BA0F2142C9E4006FA73D /* MovieList2 */ = {
			isa = PBXNativeTarget;
			buildConfigurationList = C391BA222142C9E6006FA73D /* Build configuration list for PBXNativeTarget "MovieList2" */;
			buildPhases = (
				C391BA0C2142C9E4006FA73D /* Sources */,
				C391BA0D2142C9E4006FA73D /* Frameworks */,
				C391BA0E2142C9E4006FA73D /* Resources */,
			);
			buildRules = (
			);
			dependencies = (
			);
			name = MovieList2;
			productName = MovieList2;
			productReference = C391BA102142C9E4006FA73D /* MovieList2.app */;
			productType = "com.apple.product-type.application";
		};
/* End PBXNativeTarget section */

/* Begin PBXProject section */
		C391BA082142C9E4006FA73D /* Project object */ = {
			isa = PBXProject;
			attributes = {
				LastSwiftUpdateCheck = 0940;
				LastUpgradeCheck = 0940;
				ORGANIZATIONNAME = "Jerrick Warren";
				TargetAttributes = {
					C391BA0F2142C9E4006FA73D = {
						CreatedOnToolsVersion = 9.4.1;
					};
				};
			};
			buildConfigurationList = C391BA0B2142C9E4006FA73D /* Build configuration list for PBXProject "MovieList2" */;
			compatibilityVersion = "Xcode 9.3";
			developmentRegion = en;
			hasScannedForEncodings = 0;
			knownRegions = (
				en,
				Base,
			);
			mainGroup = C391BA072142C9E4006FA73D;
			productRefGroup = C391BA112142C9E4006FA73D /* Products */;
			projectDirPath = "";
			projectRoot = "";
			targets = (
				C391BA0F2142C9E4006FA73D /* MovieList2 */,
			);
		};
/* End PBXProject section */

/* Begin PBXResourcesBuildPhase section */
		C391BA0E2142C9E4006FA73D /* Resources */ = {
			isa = PBXResourcesBuildPhase;
			buildActionMask = 2147483647;
			files = (
				C391BA1E2142C9E6006FA73D /* LaunchScreen.storyboard in Resources */,
				C391BA1B2142C9E6006FA73D /* Assets.xcassets in Resources */,
				C391BA192142C9E4006FA73D /* Main.storyboard in Resources */,
			);
			runOnlyForDeploymentPostprocessing = 0;
		};
/* End PBXResourcesBuildPhase section */

/* Begin PBXSourcesBuildPhase section */
		C391BA0C2142C9E4006FA73D /* Sources */ = {
			isa = PBXSourcesBuildPhase;
			buildActionMask = 2147483647;
			files = (
				C391BA282142CD09006FA73D /* MovieController.swift in Sources */,
				C391BA142142C9E4006FA73D /* AppDelegate.swift in Sources */,
				C391BA2A2142D061006FA73D /* AddMovieViewController.swift in Sources */,
				C391BA2F2142D138006FA73D /* MoviesTableViewController.swift in Sources */,
				C391BA312142D17D006FA73D /* MovieListTabBarController.swift in Sources */,
				C391BA332142D191006FA73D /* MoviesTableViewCell.swift in Sources */,
				C391BA262142CCB9006FA73D /* Movie.swift in Sources */,
			);
			runOnlyForDeploymentPostprocessing = 0;
		};
/* End PBXSourcesBuildPhase section */

/* Begin PBXVariantGroup section */
		C391BA172142C9E4006FA73D /* Main.storyboard */ = {
			isa = PBXVariantGroup;
			children = (
				C391BA182142C9E4006FA73D /* Base */,
			);
			name = Main.storyboard;
			sourceTree = "<group>";
		};
		C391BA1C2142C9E6006FA73D /* LaunchScreen.storyboard */ = {
			isa = PBXVariantGroup;
			children = (
				C391BA1D2142C9E6006FA73D /* Base */,
			);
			name = LaunchScreen.storyboard;
			sourceTree = "<group>";
		};
/* End PBXVariantGroup section */

/* Begin XCBuildConfiguration section */
		C391BA202142C9E6006FA73D /* Debug */ = {
			isa = XCBuildConfiguration;
			buildSettings = {
				ALWAYS_SEARCH_USER_PATHS = NO;
				CLANG_ANALYZER_NONNULL = YES;
				CLANG_ANALYZER_NUMBER_OBJECT_CONVERSION = YES_AGGRESSIVE;
				CLANG_CXX_LANGUAGE_STANDARD = "gnu++14";
				CLANG_CXX_LIBRARY = "libc++";
				CLANG_ENABLE_MODULES = YES;
				CLANG_ENABLE_OBJC_ARC = YES;
				CLANG_ENABLE_OBJC_WEAK = YES;
				CLANG_WARN_BLOCK_CAPTURE_AUTORELEASING = YES;
				CLANG_WARN_BOOL_CONVERSION = YES;
				CLANG_WARN_COMMA = YES;
				CLANG_WARN_CONSTANT_CONVERSION = YES;
				CLANG_WARN_DEPRECATED_OBJC_IMPLEMENTATIONS = YES;
				CLANG_WARN_DIRECT_OBJC_ISA_USAGE = YES_ERROR;
				CLANG_WARN_DOCUMENTATION_COMMENTS = YES;
				CLANG_WARN_EMPTY_BODY = YES;
				CLANG_WARN_ENUM_CONVERSION = YES;
				CLANG_WARN_INFINITE_RECURSION = YES;
				CLANG_WARN_INT_CONVERSION = YES;
				CLANG_WARN_NON_LITERAL_NULL_CONVERSION = YES;
				CLANG_WARN_OBJC_IMPLICIT_RETAIN_SELF = YES;
				CLANG_WARN_OBJC_LITERAL_CONVERSION = YES;
				CLANG_WARN_OBJC_ROOT_CLASS = YES_ERROR;
				CLANG_WARN_RANGE_LOOP_ANALYSIS = YES;
				CLANG_WARN_STRICT_PROTOTYPES = YES;
				CLANG_WARN_SUSPICIOUS_MOVE = YES;
				CLANG_WARN_UNGUARDED_AVAILABILITY = YES_AGGRESSIVE;
				CLANG_WARN_UNREACHABLE_CODE = YES;
				CLANG_WARN__DUPLICATE_METHOD_MATCH = YES;
				CODE_SIGN_IDENTITY = "iPhone Developer";
				COPY_PHASE_STRIP = NO;
				DEBUG_INFORMATION_FORMAT = dwarf;
				ENABLE_STRICT_OBJC_MSGSEND = YES;
				ENABLE_TESTABILITY = YES;
				GCC_C_LANGUAGE_STANDARD = gnu11;
				GCC_DYNAMIC_NO_PIC = NO;
				GCC_NO_COMMON_BLOCKS = YES;
				GCC_OPTIMIZATION_LEVEL = 0;
				GCC_PREPROCESSOR_DEFINITIONS = (
					"DEBUG=1",
					"$(inherited)",
				);
				GCC_WARN_64_TO_32_BIT_CONVERSION = YES;
				GCC_WARN_ABOUT_RETURN_TYPE = YES_ERROR;
				GCC_WARN_UNDECLARED_SELECTOR = YES;
				GCC_WARN_UNINITIALIZED_AUTOS = YES_AGGRESSIVE;
				GCC_WARN_UNUSED_FUNCTION = YES;
				GCC_WARN_UNUSED_VARIABLE = YES;
				IPHONEOS_DEPLOYMENT_TARGET = 11.4;
				MTL_ENABLE_DEBUG_INFO = YES;
				ONLY_ACTIVE_ARCH = YES;
				SDKROOT = iphoneos;
				SWIFT_ACTIVE_COMPILATION_CONDITIONS = DEBUG;
				SWIFT_OPTIMIZATION_LEVEL = "-Onone";
			};
			name = Debug;
		};
		C391BA212142C9E6006FA73D /* Release */ = {
			isa = XCBuildConfiguration;
			buildSettings = {
				ALWAYS_SEARCH_USER_PATHS = NO;
				CLANG_ANALYZER_NONNULL = YES;
				CLANG_ANALYZER_NUMBER_OBJECT_CONVERSION = YES_AGGRESSIVE;
				CLANG_CXX_LANGUAGE_STANDARD = "gnu++14";
				CLANG_CXX_LIBRARY = "libc++";
				CLANG_ENABLE_MODULES = YES;
				CLANG_ENABLE_OBJC_ARC = YES;
				CLANG_ENABLE_OBJC_WEAK = YES;
				CLANG_WARN_BLOCK_CAPTURE_AUTORELEASING = YES;
				CLANG_WARN_BOOL_CONVERSION = YES;
				CLANG_WARN_COMMA = YES;
				CLANG_WARN_CONSTANT_CONVERSION = YES;
				CLANG_WARN_DEPRECATED_OBJC_IMPLEMENTATIONS = YES;
				CLANG_WARN_DIRECT_OBJC_ISA_USAGE = YES_ERROR;
				CLANG_WARN_DOCUMENTATION_COMMENTS = YES;
				CLANG_WARN_EMPTY_BODY = YES;
				CLANG_WARN_ENUM_CONVERSION = YES;
				CLANG_WARN_INFINITE_RECURSION = YES;
				CLANG_WARN_INT_CONVERSION = YES;
				CLANG_WARN_NON_LITERAL_NULL_CONVERSION = YES;
				CLANG_WARN_OBJC_IMPLICIT_RETAIN_SELF = YES;
				CLANG_WARN_OBJC_LITERAL_CONVERSION = YES;
				CLANG_WARN_OBJC_ROOT_CLASS = YES_ERROR;
				CLANG_WARN_RANGE_LOOP_ANALYSIS = YES;
				CLANG_WARN_STRICT_PROTOTYPES = YES;
				CLANG_WARN_SUSPICIOUS_MOVE = YES;
				CLANG_WARN_UNGUARDED_AVAILABILITY = YES_AGGRESSIVE;
				CLANG_WARN_UNREACHABLE_CODE = YES;
				CLANG_WARN__DUPLICATE_METHOD_MATCH = YES;
				CODE_SIGN_IDENTITY = "iPhone Developer";
				COPY_PHASE_STRIP = NO;
				DEBUG_INFORMATION_FORMAT = "dwarf-with-dsym";
				ENABLE_NS_ASSERTIONS = NO;
				ENABLE_STRICT_OBJC_MSGSEND = YES;
				GCC_C_LANGUAGE_STANDARD = gnu11;
				GCC_NO_COMMON_BLOCKS = YES;
				GCC_WARN_64_TO_32_BIT_CONVERSION = YES;
				GCC_WARN_ABOUT_RETURN_TYPE = YES_ERROR;
				GCC_WARN_UNDECLARED_SELECTOR = YES;
				GCC_WARN_UNINITIALIZED_AUTOS = YES_AGGRESSIVE;
				GCC_WARN_UNUSED_FUNCTION = YES;
				GCC_WARN_UNUSED_VARIABLE = YES;
				IPHONEOS_DEPLOYMENT_TARGET = 11.4;
				MTL_ENABLE_DEBUG_INFO = NO;
				SDKROOT = iphoneos;
				SWIFT_COMPILATION_MODE = wholemodule;
				SWIFT_OPTIMIZATION_LEVEL = "-O";
				VALIDATE_PRODUCT = YES;
			};
			name = Release;
		};
		C391BA232142C9E6006FA73D /* Debug */ = {
			isa = XCBuildConfiguration;
			buildSettings = {
				ASSETCATALOG_COMPILER_APPICON_NAME = AppIcon;
				CODE_SIGN_STYLE = Automatic;
				DEVELOPMENT_TEAM = 7JG93VFG2G;
				INFOPLIST_FILE = MovieList2/Info.plist;
				LD_RUNPATH_SEARCH_PATHS = (
					"$(inherited)",
					"@executable_path/Frameworks",
				);
				PRODUCT_BUNDLE_IDENTIFIER = com.JerrickWarren.MovieList2;
				PRODUCT_NAME = "$(TARGET_NAME)";
				SWIFT_VERSION = 4.0;
				TARGETED_DEVICE_FAMILY = "1,2";
			};
			name = Debug;
		};
		C391BA242142C9E6006FA73D /* Release */ = {
			isa = XCBuildConfiguration;
			buildSettings = {
				ASSETCATALOG_COMPILER_APPICON_NAME = AppIcon;
				CODE_SIGN_STYLE = Automatic;
				DEVELOPMENT_TEAM = 7JG93VFG2G;
				INFOPLIST_FILE = MovieList2/Info.plist;
				LD_RUNPATH_SEARCH_PATHS = (
					"$(inherited)",
					"@executable_path/Frameworks",
				);
				PRODUCT_BUNDLE_IDENTIFIER = com.JerrickWarren.MovieList2;
				PRODUCT_NAME = "$(TARGET_NAME)";
				SWIFT_VERSION = 4.0;
				TARGETED_DEVICE_FAMILY = "1,2";
			};
			name = Release;
		};
/* End XCBuildConfiguration section */

/* Begin XCConfigurationList section */
		C391BA0B2142C9E4006FA73D /* Build configuration list for PBXProject "MovieList2" */ = {
			isa = XCConfigurationList;
			buildConfigurations = (
				C391BA202142C9E6006FA73D /* Debug */,
				C391BA212142C9E6006FA73D /* Release */,
			);
			defaultConfigurationIsVisible = 0;
			defaultConfigurationName = Release;
		};
		C391BA222142C9E6006FA73D /* Build configuration list for PBXNativeTarget "MovieList2" */ = {
			isa = XCConfigurationList;
			buildConfigurations = (
				C391BA232142C9E6006FA73D /* Debug */,
				C391BA242142C9E6006FA73D /* Release */,
			);
			defaultConfigurationIsVisible = 0;
			defaultConfigurationName = Release;
		};
/* End XCConfigurationList section */
	};
	rootObject = C391BA082142C9E4006FA73D /* Project object */;
}
