// !$*UTF8*$!
{
	archiveVersion = 1;
	classes = {
	};
	objectVersion = 50;
	objects = {

/* Begin PBXBuildFile section */
		0B098ECC246EE87B00A94AA2 /* AppDelegate.swift in Sources */ = {isa = PBXBuildFile; fileRef = 0B098ECB246EE87B00A94AA2 /* AppDelegate.swift */; };
		0B098ECE246EE87B00A94AA2 /* SceneDelegate.swift in Sources */ = {isa = PBXBuildFile; fileRef = 0B098ECD246EE87B00A94AA2 /* SceneDelegate.swift */; };
		0B098ED3246EE87B00A94AA2 /* Main.storyboard in Resources */ = {isa = PBXBuildFile; fileRef = 0B098ED1246EE87B00A94AA2 /* Main.storyboard */; };
		0B098ED5246EE87F00A94AA2 /* Assets.xcassets in Resources */ = {isa = PBXBuildFile; fileRef = 0B098ED4246EE87F00A94AA2 /* Assets.xcassets */; };
		0B098ED8246EE87F00A94AA2 /* LaunchScreen.storyboard in Resources */ = {isa = PBXBuildFile; fileRef = 0B098ED6246EE87F00A94AA2 /* LaunchScreen.storyboard */; };
		0B098EE0246EEE1600A94AA2 /* MovieTableViewCell.swift in Sources */ = {isa = PBXBuildFile; fileRef = 0B098EDF246EEE1600A94AA2 /* MovieTableViewCell.swift */; };
		0B098EE2246EEE6C00A94AA2 /* MovieTableViewController.swift in Sources */ = {isa = PBXBuildFile; fileRef = 0B098EE1246EEE6C00A94AA2 /* MovieTableViewController.swift */; };
		0B098EE4246EEE7F00A94AA2 /* AddMovieViewController.swift in Sources */ = {isa = PBXBuildFile; fileRef = 0B098EE3246EEE7F00A94AA2 /* AddMovieViewController.swift */; };
		0B098EE6246EEE9700A94AA2 /* Movie.swift in Sources */ = {isa = PBXBuildFile; fileRef = 0B098EE5246EEE9700A94AA2 /* Movie.swift */; };
/* End PBXBuildFile section */

/* Begin PBXFileReference section */
		0B098EC8246EE87B00A94AA2 /* Movie List.app */ = {isa = PBXFileReference; explicitFileType = wrapper.application; includeInIndex = 0; path = "Movie List.app"; sourceTree = BUILT_PRODUCTS_DIR; };
		0B098ECB246EE87B00A94AA2 /* AppDelegate.swift */ = {isa = PBXFileReference; lastKnownFileType = sourcecode.swift; path = AppDelegate.swift; sourceTree = "<group>"; };
		0B098ECD246EE87B00A94AA2 /* SceneDelegate.swift */ = {isa = PBXFileReference; lastKnownFileType = sourcecode.swift; path = SceneDelegate.swift; sourceTree = "<group>"; };
		0B098ED2246EE87B00A94AA2 /* Base */ = {isa = PBXFileReference; lastKnownFileType = file.storyboard; name = Base; path = Base.lproj/Main.storyboard; sourceTree = "<group>"; };
		0B098ED4246EE87F00A94AA2 /* Assets.xcassets */ = {isa = PBXFileReference; lastKnownFileType = folder.assetcatalog; path = Assets.xcassets; sourceTree = "<group>"; };
		0B098ED7246EE87F00A94AA2 /* Base */ = {isa = PBXFileReference; lastKnownFileType = file.storyboard; name = Base; path = Base.lproj/LaunchScreen.storyboard; sourceTree = "<group>"; };
		0B098ED9246EE87F00A94AA2 /* Info.plist */ = {isa = PBXFileReference; lastKnownFileType = text.plist.xml; path = Info.plist; sourceTree = "<group>"; };
		0B098EDF246EEE1600A94AA2 /* MovieTableViewCell.swift */ = {isa = PBXFileReference; lastKnownFileType = sourcecode.swift; path = MovieTableViewCell.swift; sourceTree = "<group>"; };
		0B098EE1246EEE6C00A94AA2 /* MovieTableViewController.swift */ = {isa = PBXFileReference; lastKnownFileType = sourcecode.swift; path = MovieTableViewController.swift; sourceTree = "<group>"; };
		0B098EE3246EEE7F00A94AA2 /* AddMovieViewController.swift */ = {isa = PBXFileReference; lastKnownFileType = sourcecode.swift; path = AddMovieViewController.swift; sourceTree = "<group>"; };
		0B098EE5246EEE9700A94AA2 /* Movie.swift */ = {isa = PBXFileReference; lastKnownFileType = sourcecode.swift; path = Movie.swift; sourceTree = "<group>"; };
/* End PBXFileReference section */

/* Begin PBXFrameworksBuildPhase section */
		0B098EC5246EE87B00A94AA2 /* Frameworks */ = {
			isa = PBXFrameworksBuildPhase;
			buildActionMask = 2147483647;
			files = (
			);
			runOnlyForDeploymentPostprocessing = 0;
		};
/* End PBXFrameworksBuildPhase section */

/* Begin PBXGroup section */
		0B098EBF246EE87B00A94AA2 = {
			isa = PBXGroup;
			children = (
				0B098ECA246EE87B00A94AA2 /* Movie List */,
				0B098EC9246EE87B00A94AA2 /* Products */,
			);
			sourceTree = "<group>";
		};
		0B098EC9246EE87B00A94AA2 /* Products */ = {
			isa = PBXGroup;
			children = (
				0B098EC8246EE87B00A94AA2 /* Movie List.app */,
			);
			name = Products;
			sourceTree = "<group>";
		};
		0B098ECA246EE87B00A94AA2 /* Movie List */ = {
			isa = PBXGroup;
			children = (
				0B4BB3E5246F575F00396F1B /* Storyboards */,
				0B4BB3E2246F571700396F1B /* View Controllers */,
				0B4BB3E3246F573500396F1B /* MovieModel */,
				0B4BB3E6246F577100396F1B /* Resources */,
				0B4BB3E4246F574600396F1B /* Views */,
				0B098ED9246EE87F00A94AA2 /* Info.plist */,
			);
			path = "Movie List";
			sourceTree = "<group>";
		};
		0B4BB3E2246F571700396F1B /* View Controllers */ = {
			isa = PBXGroup;
			children = (
				0B098EE1246EEE6C00A94AA2 /* MovieTableViewController.swift */,
				0B098EE3246EEE7F00A94AA2 /* AddMovieViewController.swift */,
			);
			path = "View Controllers";
			sourceTree = "<group>";
		};
		0B4BB3E3246F573500396F1B /* MovieModel */ = {
			isa = PBXGroup;
			children = (
				0B098EE5246EEE9700A94AA2 /* Movie.swift */,
			);
			path = MovieModel;
			sourceTree = "<group>";
		};
		0B4BB3E4246F574600396F1B /* Views */ = {
			isa = PBXGroup;
			children = (
				0B098EDF246EEE1600A94AA2 /* MovieTableViewCell.swift */,
			);
			path = Views;
			sourceTree = "<group>";
		};
		0B4BB3E5246F575F00396F1B /* Storyboards */ = {
			isa = PBXGroup;
			children = (
				0B098ED1246EE87B00A94AA2 /* Main.storyboard */,
				0B098ED6246EE87F00A94AA2 /* LaunchScreen.storyboard */,
			);
			path = Storyboards;
			sourceTree = "<group>";
		};
		0B4BB3E6246F577100396F1B /* Resources */ = {
			isa = PBXGroup;
			children = (
				0B098ECB246EE87B00A94AA2 /* AppDelegate.swift */,
				0B098ECD246EE87B00A94AA2 /* SceneDelegate.swift */,
				0B098ED4246EE87F00A94AA2 /* Assets.xcassets */,
			);
			path = Resources;
			sourceTree = "<group>";
		};
/* End PBXGroup section */

/* Begin PBXNativeTarget section */
		0B098EC7246EE87B00A94AA2 /* Movie List */ = {
			isa = PBXNativeTarget;
			buildConfigurationList = 0B098EDC246EE87F00A94AA2 /* Build configuration list for PBXNativeTarget "Movie List" */;
			buildPhases = (
				0B098EC4246EE87B00A94AA2 /* Sources */,
				0B098EC5246EE87B00A94AA2 /* Frameworks */,
				0B098EC6246EE87B00A94AA2 /* Resources */,
			);
			buildRules = (
			);
			dependencies = (
			);
			name = "Movie List";
			productName = "Movie List";
			productReference = 0B098EC8246EE87B00A94AA2 /* Movie List.app */;
			productType = "com.apple.product-type.application";
		};
/* End PBXNativeTarget section */

/* Begin PBXProject section */
		0B098EC0246EE87B00A94AA2 /* Project object */ = {
			isa = PBXProject;
			attributes = {
				LastSwiftUpdateCheck = 1130;
				LastUpgradeCheck = 1130;
				ORGANIZATIONNAME = "Rebecca Overare";
				TargetAttributes = {
					0B098EC7246EE87B00A94AA2 = {
						CreatedOnToolsVersion = 11.3.1;
					};
				};
			};
			buildConfigurationList = 0B098EC3246EE87B00A94AA2 /* Build configuration list for PBXProject "Movie List" */;
			compatibilityVersion = "Xcode 9.3";
			developmentRegion = en;
			hasScannedForEncodings = 0;
			knownRegions = (
				en,
				Base,
			);
			mainGroup = 0B098EBF246EE87B00A94AA2;
			productRefGroup = 0B098EC9246EE87B00A94AA2 /* Products */;
			projectDirPath = "";
			projectRoot = "";
			targets = (
				0B098EC7246EE87B00A94AA2 /* Movie List */,
			);
		};
/* End PBXProject section */

/* Begin PBXResourcesBuildPhase section */
		0B098EC6246EE87B00A94AA2 /* Resources */ = {
			isa = PBXResourcesBuildPhase;
			buildActionMask = 2147483647;
			files = (
				0B098ED8246EE87F00A94AA2 /* LaunchScreen.storyboard in Resources */,
				0B098ED5246EE87F00A94AA2 /* Assets.xcassets in Resources */,
				0B098ED3246EE87B00A94AA2 /* Main.storyboard in Resources */,
			);
			runOnlyForDeploymentPostprocessing = 0;
		};
/* End PBXResourcesBuildPhase section */

/* Begin PBXSourcesBuildPhase section */
		0B098EC4246EE87B00A94AA2 /* Sources */ = {
			isa = PBXSourcesBuildPhase;
			buildActionMask = 2147483647;
			files = (
				0B098EE2246EEE6C00A94AA2 /* MovieTableViewController.swift in Sources */,
				0B098ECC246EE87B00A94AA2 /* AppDelegate.swift in Sources */,
				0B098EE6246EEE9700A94AA2 /* Movie.swift in Sources */,
				0B098ECE246EE87B00A94AA2 /* SceneDelegate.swift in Sources */,
				0B098EE4246EEE7F00A94AA2 /* AddMovieViewController.swift in Sources */,
				0B098EE0246EEE1600A94AA2 /* MovieTableViewCell.swift in Sources */,
			);
			runOnlyForDeploymentPostprocessing = 0;
		};
/* End PBXSourcesBuildPhase section */

/* Begin PBXVariantGroup section */
		0B098ED1246EE87B00A94AA2 /* Main.storyboard */ = {
			isa = PBXVariantGroup;
			children = (
				0B098ED2246EE87B00A94AA2 /* Base */,
			);
			name = Main.storyboard;
			sourceTree = "<group>";
		};
		0B098ED6246EE87F00A94AA2 /* LaunchScreen.storyboard */ = {
			isa = PBXVariantGroup;
			children = (
				0B098ED7246EE87F00A94AA2 /* Base */,
			);
			name = LaunchScreen.storyboard;
			sourceTree = "<group>";
		};
/* End PBXVariantGroup section */

/* Begin XCBuildConfiguration section */
		0B098EDA246EE87F00A94AA2 /* Debug */ = {
			isa = XCBuildConfiguration;
			buildSettings = {
				ALWAYS_SEARCH_USER_PATHS = NO;
				CLANG_ANALYZER_NONNULL = YES;
				CLANG_ANALYZER_NUMBER_OBJECT_CONVERSION = YES_AGGRESSIVE;
				CLANG_CXX_LANGUAGE_STANDARD = "gnu++14";
				CLANG_CXX_LIBRARY = "libc++";
				CLANG_ENABLE_MODULES = YES;
				CLANG_ENABLE_OBJC_ARC = YES;
				CLANG_ENABLE_OBJC_WEAK = YES;
				CLANG_WARN_BLOCK_CAPTURE_AUTORELEASING = YES;
				CLANG_WARN_BOOL_CONVERSION = YES;
				CLANG_WARN_COMMA = YES;
				CLANG_WARN_CONSTANT_CONVERSION = YES;
				CLANG_WARN_DEPRECATED_OBJC_IMPLEMENTATIONS = YES;
				CLANG_WARN_DIRECT_OBJC_ISA_USAGE = YES_ERROR;
				CLANG_WARN_DOCUMENTATION_COMMENTS = YES;
				CLANG_WARN_EMPTY_BODY = YES;
				CLANG_WARN_ENUM_CONVERSION = YES;
				CLANG_WARN_INFINITE_RECURSION = YES;
				CLANG_WARN_INT_CONVERSION = YES;
				CLANG_WARN_NON_LITERAL_NULL_CONVERSION = YES;
				CLANG_WARN_OBJC_IMPLICIT_RETAIN_SELF = YES;
				CLANG_WARN_OBJC_LITERAL_CONVERSION = YES;
				CLANG_WARN_OBJC_ROOT_CLASS = YES_ERROR;
				CLANG_WARN_RANGE_LOOP_ANALYSIS = YES;
				CLANG_WARN_STRICT_PROTOTYPES = YES;
				CLANG_WARN_SUSPICIOUS_MOVE = YES;
				CLANG_WARN_UNGUARDED_AVAILABILITY = YES_AGGRESSIVE;
				CLANG_WARN_UNREACHABLE_CODE = YES;
				CLANG_WARN__DUPLICATE_METHOD_MATCH = YES;
				COPY_PHASE_STRIP = NO;
				DEBUG_INFORMATION_FORMAT = dwarf;
				ENABLE_STRICT_OBJC_MSGSEND = YES;
				ENABLE_TESTABILITY = YES;
				GCC_C_LANGUAGE_STANDARD = gnu11;
				GCC_DYNAMIC_NO_PIC = NO;
				GCC_NO_COMMON_BLOCKS = YES;
				GCC_OPTIMIZATION_LEVEL = 0;
				GCC_PREPROCESSOR_DEFINITIONS = (
					"DEBUG=1",
					"$(inherited)",
				);
				GCC_WARN_64_TO_32_BIT_CONVERSION = YES;
				GCC_WARN_ABOUT_RETURN_TYPE = YES_ERROR;
				GCC_WARN_UNDECLARED_SELECTOR = YES;
				GCC_WARN_UNINITIALIZED_AUTOS = YES_AGGRESSIVE;
				GCC_WARN_UNUSED_FUNCTION = YES;
				GCC_WARN_UNUSED_VARIABLE = YES;
				IPHONEOS_DEPLOYMENT_TARGET = 13.2;
				MTL_ENABLE_DEBUG_INFO = INCLUDE_SOURCE;
				MTL_FAST_MATH = YES;
				ONLY_ACTIVE_ARCH = YES;
				SDKROOT = iphoneos;
				SWIFT_ACTIVE_COMPILATION_CONDITIONS = DEBUG;
				SWIFT_OPTIMIZATION_LEVEL = "-Onone";
			};
			name = Debug;
		};
		0B098EDB246EE87F00A94AA2 /* Release */ = {
			isa = XCBuildConfiguration;
			buildSettings = {
				ALWAYS_SEARCH_USER_PATHS = NO;
				CLANG_ANALYZER_NONNULL = YES;
				CLANG_ANALYZER_NUMBER_OBJECT_CONVERSION = YES_AGGRESSIVE;
				CLANG_CXX_LANGUAGE_STANDARD = "gnu++14";
				CLANG_CXX_LIBRARY = "libc++";
				CLANG_ENABLE_MODULES = YES;
				CLANG_ENABLE_OBJC_ARC = YES;
				CLANG_ENABLE_OBJC_WEAK = YES;
				CLANG_WARN_BLOCK_CAPTURE_AUTORELEASING = YES;
				CLANG_WARN_BOOL_CONVERSION = YES;
				CLANG_WARN_COMMA = YES;
				CLANG_WARN_CONSTANT_CONVERSION = YES;
				CLANG_WARN_DEPRECATED_OBJC_IMPLEMENTATIONS = YES;
				CLANG_WARN_DIRECT_OBJC_ISA_USAGE = YES_ERROR;
				CLANG_WARN_DOCUMENTATION_COMMENTS = YES;
				CLANG_WARN_EMPTY_BODY = YES;
				CLANG_WARN_ENUM_CONVERSION = YES;
				CLANG_WARN_INFINITE_RECURSION = YES;
				CLANG_WARN_INT_CONVERSION = YES;
				CLANG_WARN_NON_LITERAL_NULL_CONVERSION = YES;
				CLANG_WARN_OBJC_IMPLICIT_RETAIN_SELF = YES;
				CLANG_WARN_OBJC_LITERAL_CONVERSION = YES;
				CLANG_WARN_OBJC_ROOT_CLASS = YES_ERROR;
				CLANG_WARN_RANGE_LOOP_ANALYSIS = YES;
				CLANG_WARN_STRICT_PROTOTYPES = YES;
				CLANG_WARN_SUSPICIOUS_MOVE = YES;
				CLANG_WARN_UNGUARDED_AVAILABILITY = YES_AGGRESSIVE;
				CLANG_WARN_UNREACHABLE_CODE = YES;
				CLANG_WARN__DUPLICATE_METHOD_MATCH = YES;
				COPY_PHASE_STRIP = NO;
				DEBUG_INFORMATION_FORMAT = "dwarf-with-dsym";
				ENABLE_NS_ASSERTIONS = NO;
				ENABLE_STRICT_OBJC_MSGSEND = YES;
				GCC_C_LANGUAGE_STANDARD = gnu11;
				GCC_NO_COMMON_BLOCKS = YES;
				GCC_WARN_64_TO_32_BIT_CONVERSION = YES;
				GCC_WARN_ABOUT_RETURN_TYPE = YES_ERROR;
				GCC_WARN_UNDECLARED_SELECTOR = YES;
				GCC_WARN_UNINITIALIZED_AUTOS = YES_AGGRESSIVE;
				GCC_WARN_UNUSED_FUNCTION = YES;
				GCC_WARN_UNUSED_VARIABLE = YES;
				IPHONEOS_DEPLOYMENT_TARGET = 13.2;
				MTL_ENABLE_DEBUG_INFO = NO;
				MTL_FAST_MATH = YES;
				SDKROOT = iphoneos;
				SWIFT_COMPILATION_MODE = wholemodule;
				SWIFT_OPTIMIZATION_LEVEL = "-O";
				VALIDATE_PRODUCT = YES;
			};
			name = Release;
		};
		0B098EDD246EE87F00A94AA2 /* Debug */ = {
			isa = XCBuildConfiguration;
			buildSettings = {
				ASSETCATALOG_COMPILER_APPICON_NAME = AppIcon;
				CODE_SIGN_STYLE = Automatic;
				INFOPLIST_FILE = "Movie List/Info.plist";
				LD_RUNPATH_SEARCH_PATHS = (
					"$(inherited)",
					"@executable_path/Frameworks",
				);
				PRODUCT_BUNDLE_IDENTIFIER = "com.RebeccaOverare.Movie-List";
				PRODUCT_NAME = "$(TARGET_NAME)";
				SWIFT_VERSION = 5.0;
				TARGETED_DEVICE_FAMILY = "1,2";
			};
			name = Debug;
		};
		0B098EDE246EE87F00A94AA2 /* Release */ = {
			isa = XCBuildConfiguration;
			buildSettings = {
				ASSETCATALOG_COMPILER_APPICON_NAME = AppIcon;
				CODE_SIGN_STYLE = Automatic;
				INFOPLIST_FILE = "Movie List/Info.plist";
				LD_RUNPATH_SEARCH_PATHS = (
					"$(inherited)",
					"@executable_path/Frameworks",
				);
				PRODUCT_BUNDLE_IDENTIFIER = "com.RebeccaOverare.Movie-List";
				PRODUCT_NAME = "$(TARGET_NAME)";
				SWIFT_VERSION = 5.0;
				TARGETED_DEVICE_FAMILY = "1,2";
			};
			name = Release;
		};
/* End XCBuildConfiguration section */

/* Begin XCConfigurationList section */
		0B098EC3246EE87B00A94AA2 /* Build configuration list for PBXProject "Movie List" */ = {
			isa = XCConfigurationList;
			buildConfigurations = (
				0B098EDA246EE87F00A94AA2 /* Debug */,
				0B098EDB246EE87F00A94AA2 /* Release */,
			);
			defaultConfigurationIsVisible = 0;
			defaultConfigurationName = Release;
		};
		0B098EDC246EE87F00A94AA2 /* Build configuration list for PBXNativeTarget "Movie List" */ = {
			isa = XCConfigurationList;
			buildConfigurations = (
				0B098EDD246EE87F00A94AA2 /* Debug */,
				0B098EDE246EE87F00A94AA2 /* Release */,
			);
			defaultConfigurationIsVisible = 0;
			defaultConfigurationName = Release;
		};
/* End XCConfigurationList section */
	};
	rootObject = 0B098EC0246EE87B00A94AA2 /* Project object */;
}
