// !$*UTF8*$!
{
	archiveVersion = 1;
	classes = {
	};
	objectVersion = 50;
	objects = {

/* Begin PBXBuildFile section */
		56E16864247646C6008504B1 /* AppDelegate.swift in Sources */ = {isa = PBXBuildFile; fileRef = 56E16863247646C6008504B1 /* AppDelegate.swift */; };
		56E16866247646C6008504B1 /* SceneDelegate.swift in Sources */ = {isa = PBXBuildFile; fileRef = 56E16865247646C6008504B1 /* SceneDelegate.swift */; };
		56E1686B247646C6008504B1 /* Main.storyboard in Resources */ = {isa = PBXBuildFile; fileRef = 56E16869247646C6008504B1 /* Main.storyboard */; };
		56E1686D247646C9008504B1 /* Assets.xcassets in Resources */ = {isa = PBXBuildFile; fileRef = 56E1686C247646C9008504B1 /* Assets.xcassets */; };
		56E16870247646C9008504B1 /* LaunchScreen.storyboard in Resources */ = {isa = PBXBuildFile; fileRef = 56E1686E247646C9008504B1 /* LaunchScreen.storyboard */; };
		56E1687824764742008504B1 /* Movie.swift in Sources */ = {isa = PBXBuildFile; fileRef = 56E1687724764742008504B1 /* Movie.swift */; };
		56E1687A247649D1008504B1 /* AddMovieViewController.swift in Sources */ = {isa = PBXBuildFile; fileRef = 56E16879247649D1008504B1 /* AddMovieViewController.swift */; };
		56E1687C247649FC008504B1 /* MovieListViewController.swift in Sources */ = {isa = PBXBuildFile; fileRef = 56E1687B247649FB008504B1 /* MovieListViewController.swift */; };
		56E1688024764A95008504B1 /* MovieListTableView.swift in Sources */ = {isa = PBXBuildFile; fileRef = 56E1687F24764A95008504B1 /* MovieListTableView.swift */; };
		56E1688224764AE4008504B1 /* MovieDetailTableViewCell.swift in Sources */ = {isa = PBXBuildFile; fileRef = 56E1688124764AE4008504B1 /* MovieDetailTableViewCell.swift */; };
/* End PBXBuildFile section */

/* Begin PBXFileReference section */
		56E16860247646C6008504B1 /* Movie.app */ = {isa = PBXFileReference; explicitFileType = wrapper.application; includeInIndex = 0; path = Movie.app; sourceTree = BUILT_PRODUCTS_DIR; };
		56E16863247646C6008504B1 /* AppDelegate.swift */ = {isa = PBXFileReference; lastKnownFileType = sourcecode.swift; path = AppDelegate.swift; sourceTree = "<group>"; };
		56E16865247646C6008504B1 /* SceneDelegate.swift */ = {isa = PBXFileReference; lastKnownFileType = sourcecode.swift; path = SceneDelegate.swift; sourceTree = "<group>"; };
		56E1686A247646C6008504B1 /* Base */ = {isa = PBXFileReference; lastKnownFileType = file.storyboard; name = Base; path = Base.lproj/Main.storyboard; sourceTree = "<group>"; };
		56E1686C247646C9008504B1 /* Assets.xcassets */ = {isa = PBXFileReference; lastKnownFileType = folder.assetcatalog; path = Assets.xcassets; sourceTree = "<group>"; };
		56E1686F247646C9008504B1 /* Base */ = {isa = PBXFileReference; lastKnownFileType = file.storyboard; name = Base; path = Base.lproj/LaunchScreen.storyboard; sourceTree = "<group>"; };
		56E16871247646C9008504B1 /* Info.plist */ = {isa = PBXFileReference; lastKnownFileType = text.plist.xml; path = Info.plist; sourceTree = "<group>"; };
		56E1687724764742008504B1 /* Movie.swift */ = {isa = PBXFileReference; lastKnownFileType = sourcecode.swift; path = Movie.swift; sourceTree = "<group>"; };
		56E16879247649D1008504B1 /* AddMovieViewController.swift */ = {isa = PBXFileReference; lastKnownFileType = sourcecode.swift; path = AddMovieViewController.swift; sourceTree = "<group>"; };
		56E1687B247649FB008504B1 /* MovieListViewController.swift */ = {isa = PBXFileReference; lastKnownFileType = sourcecode.swift; path = MovieListViewController.swift; sourceTree = "<group>"; };
		56E1687F24764A95008504B1 /* MovieListTableView.swift */ = {isa = PBXFileReference; lastKnownFileType = sourcecode.swift; path = MovieListTableView.swift; sourceTree = "<group>"; };
		56E1688124764AE4008504B1 /* MovieDetailTableViewCell.swift */ = {isa = PBXFileReference; lastKnownFileType = sourcecode.swift; path = MovieDetailTableViewCell.swift; sourceTree = "<group>"; };
/* End PBXFileReference section */

/* Begin PBXFrameworksBuildPhase section */
		56E1685D247646C6008504B1 /* Frameworks */ = {
			isa = PBXFrameworksBuildPhase;
			buildActionMask = 2147483647;
			files = (
			);
			runOnlyForDeploymentPostprocessing = 0;
		};
/* End PBXFrameworksBuildPhase section */

/* Begin PBXGroup section */
		56E16857247646C6008504B1 = {
			isa = PBXGroup;
			children = (
				56E1687F24764A95008504B1 /* MovieListTableView.swift */,
				56E16862247646C6008504B1 /* Movie */,
				56E16861247646C6008504B1 /* Products */,
			);
			sourceTree = "<group>";
		};
		56E16861247646C6008504B1 /* Products */ = {
			isa = PBXGroup;
			children = (
				56E16860247646C6008504B1 /* Movie.app */,
			);
			name = Products;
			sourceTree = "<group>";
		};
		56E16862247646C6008504B1 /* Movie */ = {
			isa = PBXGroup;
			children = (
				56E16863247646C6008504B1 /* AppDelegate.swift */,
				56E16865247646C6008504B1 /* SceneDelegate.swift */,
				56E1688124764AE4008504B1 /* MovieDetailTableViewCell.swift */,
				56E1687B247649FB008504B1 /* MovieListViewController.swift */,
				56E16869247646C6008504B1 /* Main.storyboard */,
				56E16879247649D1008504B1 /* AddMovieViewController.swift */,
				56E1687724764742008504B1 /* Movie.swift */,
				56E1686C247646C9008504B1 /* Assets.xcassets */,
				56E1686E247646C9008504B1 /* LaunchScreen.storyboard */,
				56E16871247646C9008504B1 /* Info.plist */,
			);
			path = Movie;
			sourceTree = "<group>";
		};
/* End PBXGroup section */

/* Begin PBXNativeTarget section */
		56E1685F247646C6008504B1 /* Movie */ = {
			isa = PBXNativeTarget;
			buildConfigurationList = 56E16874247646C9008504B1 /* Build configuration list for PBXNativeTarget "Movie" */;
			buildPhases = (
				56E1685C247646C6008504B1 /* Sources */,
				56E1685D247646C6008504B1 /* Frameworks */,
				56E1685E247646C6008504B1 /* Resources */,
			);
			buildRules = (
			);
			dependencies = (
			);
			name = Movie;
			productName = Movie;
			productReference = 56E16860247646C6008504B1 /* Movie.app */;
			productType = "com.apple.product-type.application";
		};
/* End PBXNativeTarget section */

/* Begin PBXProject section */
		56E16858247646C6008504B1 /* Project object */ = {
			isa = PBXProject;
			attributes = {
				LastSwiftUpdateCheck = 1140;
				LastUpgradeCheck = 1140;
				ORGANIZATIONNAME = "Lambda School";
				TargetAttributes = {
					56E1685F247646C6008504B1 = {
						CreatedOnToolsVersion = 11.4.1;
					};
				};
			};
			buildConfigurationList = 56E1685B247646C6008504B1 /* Build configuration list for PBXProject "Movie" */;
			compatibilityVersion = "Xcode 9.3";
			developmentRegion = en;
			hasScannedForEncodings = 0;
			knownRegions = (
				en,
				Base,
			);
			mainGroup = 56E16857247646C6008504B1;
			productRefGroup = 56E16861247646C6008504B1 /* Products */;
			projectDirPath = "";
			projectRoot = "";
			targets = (
				56E1685F247646C6008504B1 /* Movie */,
			);
		};
/* End PBXProject section */

/* Begin PBXResourcesBuildPhase section */
		56E1685E247646C6008504B1 /* Resources */ = {
			isa = PBXResourcesBuildPhase;
			buildActionMask = 2147483647;
			files = (
				56E16870247646C9008504B1 /* LaunchScreen.storyboard in Resources */,
				56E1686D247646C9008504B1 /* Assets.xcassets in Resources */,
				56E1686B247646C6008504B1 /* Main.storyboard in Resources */,
			);
			runOnlyForDeploymentPostprocessing = 0;
		};
/* End PBXResourcesBuildPhase section */

/* Begin PBXSourcesBuildPhase section */
		56E1685C247646C6008504B1 /* Sources */ = {
			isa = PBXSourcesBuildPhase;
			buildActionMask = 2147483647;
			files = (
				56E16864247646C6008504B1 /* AppDelegate.swift in Sources */,
				56E1687C247649FC008504B1 /* MovieListViewController.swift in Sources */,
				56E1688024764A95008504B1 /* MovieListTableView.swift in Sources */,
				56E16866247646C6008504B1 /* SceneDelegate.swift in Sources */,
				56E1687824764742008504B1 /* Movie.swift in Sources */,
				56E1688224764AE4008504B1 /* MovieDetailTableViewCell.swift in Sources */,
				56E1687A247649D1008504B1 /* AddMovieViewController.swift in Sources */,
			);
			runOnlyForDeploymentPostprocessing = 0;
		};
/* End PBXSourcesBuildPhase section */

/* Begin PBXVariantGroup section */
		56E16869247646C6008504B1 /* Main.storyboard */ = {
			isa = PBXVariantGroup;
			children = (
				56E1686A247646C6008504B1 /* Base */,
			);
			name = Main.storyboard;
			sourceTree = "<group>";
		};
		56E1686E247646C9008504B1 /* LaunchScreen.storyboard */ = {
			isa = PBXVariantGroup;
			children = (
				56E1686F247646C9008504B1 /* Base */,
			);
			name = LaunchScreen.storyboard;
			sourceTree = "<group>";
		};
/* End PBXVariantGroup section */

/* Begin XCBuildConfiguration section */
		56E16872247646C9008504B1 /* Debug */ = {
			isa = XCBuildConfiguration;
			buildSettings = {
				ALWAYS_SEARCH_USER_PATHS = NO;
				CLANG_ANALYZER_NONNULL = YES;
				CLANG_ANALYZER_NUMBER_OBJECT_CONVERSION = YES_AGGRESSIVE;
				CLANG_CXX_LANGUAGE_STANDARD = "gnu++14";
				CLANG_CXX_LIBRARY = "libc++";
				CLANG_ENABLE_MODULES = YES;
				CLANG_ENABLE_OBJC_ARC = YES;
				CLANG_ENABLE_OBJC_WEAK = YES;
				CLANG_WARN_BLOCK_CAPTURE_AUTORELEASING = YES;
				CLANG_WARN_BOOL_CONVERSION = YES;
				CLANG_WARN_COMMA = YES;
				CLANG_WARN_CONSTANT_CONVERSION = YES;
				CLANG_WARN_DEPRECATED_OBJC_IMPLEMENTATIONS = YES;
				CLANG_WARN_DIRECT_OBJC_ISA_USAGE = YES_ERROR;
				CLANG_WARN_DOCUMENTATION_COMMENTS = YES;
				CLANG_WARN_EMPTY_BODY = YES;
				CLANG_WARN_ENUM_CONVERSION = YES;
				CLANG_WARN_INFINITE_RECURSION = YES;
				CLANG_WARN_INT_CONVERSION = YES;
				CLANG_WARN_NON_LITERAL_NULL_CONVERSION = YES;
				CLANG_WARN_OBJC_IMPLICIT_RETAIN_SELF = YES;
				CLANG_WARN_OBJC_LITERAL_CONVERSION = YES;
				CLANG_WARN_OBJC_ROOT_CLASS = YES_ERROR;
				CLANG_WARN_RANGE_LOOP_ANALYSIS = YES;
				CLANG_WARN_STRICT_PROTOTYPES = YES;
				CLANG_WARN_SUSPICIOUS_MOVE = YES;
				CLANG_WARN_UNGUARDED_AVAILABILITY = YES_AGGRESSIVE;
				CLANG_WARN_UNREACHABLE_CODE = YES;
				CLANG_WARN__DUPLICATE_METHOD_MATCH = YES;
				COPY_PHASE_STRIP = NO;
				DEBUG_INFORMATION_FORMAT = dwarf;
				ENABLE_STRICT_OBJC_MSGSEND = YES;
				ENABLE_TESTABILITY = YES;
				GCC_C_LANGUAGE_STANDARD = gnu11;
				GCC_DYNAMIC_NO_PIC = NO;
				GCC_NO_COMMON_BLOCKS = YES;
				GCC_OPTIMIZATION_LEVEL = 0;
				GCC_PREPROCESSOR_DEFINITIONS = (
					"DEBUG=1",
					"$(inherited)",
				);
				GCC_WARN_64_TO_32_BIT_CONVERSION = YES;
				GCC_WARN_ABOUT_RETURN_TYPE = YES_ERROR;
				GCC_WARN_UNDECLARED_SELECTOR = YES;
				GCC_WARN_UNINITIALIZED_AUTOS = YES_AGGRESSIVE;
				GCC_WARN_UNUSED_FUNCTION = YES;
				GCC_WARN_UNUSED_VARIABLE = YES;
				IPHONEOS_DEPLOYMENT_TARGET = 13.4;
				MTL_ENABLE_DEBUG_INFO = INCLUDE_SOURCE;
				MTL_FAST_MATH = YES;
				ONLY_ACTIVE_ARCH = YES;
				SDKROOT = iphoneos;
				SWIFT_ACTIVE_COMPILATION_CONDITIONS = DEBUG;
				SWIFT_OPTIMIZATION_LEVEL = "-Onone";
			};
			name = Debug;
		};
		56E16873247646C9008504B1 /* Release */ = {
			isa = XCBuildConfiguration;
			buildSettings = {
				ALWAYS_SEARCH_USER_PATHS = NO;
				CLANG_ANALYZER_NONNULL = YES;
				CLANG_ANALYZER_NUMBER_OBJECT_CONVERSION = YES_AGGRESSIVE;
				CLANG_CXX_LANGUAGE_STANDARD = "gnu++14";
				CLANG_CXX_LIBRARY = "libc++";
				CLANG_ENABLE_MODULES = YES;
				CLANG_ENABLE_OBJC_ARC = YES;
				CLANG_ENABLE_OBJC_WEAK = YES;
				CLANG_WARN_BLOCK_CAPTURE_AUTORELEASING = YES;
				CLANG_WARN_BOOL_CONVERSION = YES;
				CLANG_WARN_COMMA = YES;
				CLANG_WARN_CONSTANT_CONVERSION = YES;
				CLANG_WARN_DEPRECATED_OBJC_IMPLEMENTATIONS = YES;
				CLANG_WARN_DIRECT_OBJC_ISA_USAGE = YES_ERROR;
				CLANG_WARN_DOCUMENTATION_COMMENTS = YES;
				CLANG_WARN_EMPTY_BODY = YES;
				CLANG_WARN_ENUM_CONVERSION = YES;
				CLANG_WARN_INFINITE_RECURSION = YES;
				CLANG_WARN_INT_CONVERSION = YES;
				CLANG_WARN_NON_LITERAL_NULL_CONVERSION = YES;
				CLANG_WARN_OBJC_IMPLICIT_RETAIN_SELF = YES;
				CLANG_WARN_OBJC_LITERAL_CONVERSION = YES;
				CLANG_WARN_OBJC_ROOT_CLASS = YES_ERROR;
				CLANG_WARN_RANGE_LOOP_ANALYSIS = YES;
				CLANG_WARN_STRICT_PROTOTYPES = YES;
				CLANG_WARN_SUSPICIOUS_MOVE = YES;
				CLANG_WARN_UNGUARDED_AVAILABILITY = YES_AGGRESSIVE;
				CLANG_WARN_UNREACHABLE_CODE = YES;
				CLANG_WARN__DUPLICATE_METHOD_MATCH = YES;
				COPY_PHASE_STRIP = NO;
				DEBUG_INFORMATION_FORMAT = "dwarf-with-dsym";
				ENABLE_NS_ASSERTIONS = NO;
				ENABLE_STRICT_OBJC_MSGSEND = YES;
				GCC_C_LANGUAGE_STANDARD = gnu11;
				GCC_NO_COMMON_BLOCKS = YES;
				GCC_WARN_64_TO_32_BIT_CONVERSION = YES;
				GCC_WARN_ABOUT_RETURN_TYPE = YES_ERROR;
				GCC_WARN_UNDECLARED_SELECTOR = YES;
				GCC_WARN_UNINITIALIZED_AUTOS = YES_AGGRESSIVE;
				GCC_WARN_UNUSED_FUNCTION = YES;
				GCC_WARN_UNUSED_VARIABLE = YES;
				IPHONEOS_DEPLOYMENT_TARGET = 13.4;
				MTL_ENABLE_DEBUG_INFO = NO;
				MTL_FAST_MATH = YES;
				SDKROOT = iphoneos;
				SWIFT_COMPILATION_MODE = wholemodule;
				SWIFT_OPTIMIZATION_LEVEL = "-O";
				VALIDATE_PRODUCT = YES;
			};
			name = Release;
		};
		56E16875247646C9008504B1 /* Debug */ = {
			isa = XCBuildConfiguration;
			buildSettings = {
				ASSETCATALOG_COMPILER_APPICON_NAME = AppIcon;
				CODE_SIGN_STYLE = Automatic;
				INFOPLIST_FILE = Movie/Info.plist;
				LD_RUNPATH_SEARCH_PATHS = (
					"$(inherited)",
					"@executable_path/Frameworks",
				);
				PRODUCT_BUNDLE_IDENTIFIER = com.drewmiller.Movie;
				PRODUCT_NAME = "$(TARGET_NAME)";
				SWIFT_VERSION = 5.0;
				TARGETED_DEVICE_FAMILY = "1,2";
			};
			name = Debug;
		};
		56E16876247646C9008504B1 /* Release */ = {
			isa = XCBuildConfiguration;
			buildSettings = {
				ASSETCATALOG_COMPILER_APPICON_NAME = AppIcon;
				CODE_SIGN_STYLE = Automatic;
				INFOPLIST_FILE = Movie/Info.plist;
				LD_RUNPATH_SEARCH_PATHS = (
					"$(inherited)",
					"@executable_path/Frameworks",
				);
				PRODUCT_BUNDLE_IDENTIFIER = com.drewmiller.Movie;
				PRODUCT_NAME = "$(TARGET_NAME)";
				SWIFT_VERSION = 5.0;
				TARGETED_DEVICE_FAMILY = "1,2";
			};
			name = Release;
		};
/* End XCBuildConfiguration section */

/* Begin XCConfigurationList section */
		56E1685B247646C6008504B1 /* Build configuration list for PBXProject "Movie" */ = {
			isa = XCConfigurationList;
			buildConfigurations = (
				56E16872247646C9008504B1 /* Debug */,
				56E16873247646C9008504B1 /* Release */,
			);
			defaultConfigurationIsVisible = 0;
			defaultConfigurationName = Release;
		};
		56E16874247646C9008504B1 /* Build configuration list for PBXNativeTarget "Movie" */ = {
			isa = XCConfigurationList;
			buildConfigurations = (
				56E16875247646C9008504B1 /* Debug */,
				56E16876247646C9008504B1 /* Release */,
			);
			defaultConfigurationIsVisible = 0;
			defaultConfigurationName = Release;
		};
/* End XCConfigurationList section */
	};
	rootObject = 56E16858247646C6008504B1 /* Project object */;
}
