// !$*UTF8*$!
{
	archiveVersion = 1;
	classes = {
	};
	objectVersion = 50;
	objects = {

/* Begin PBXBuildFile section */
		B6506DB623DB4DFC00B8273D /* AppDelegate.swift in Sources */ = {isa = PBXBuildFile; fileRef = B6506DB523DB4DFC00B8273D /* AppDelegate.swift */; };
		B6506DB823DB4DFC00B8273D /* SceneDelegate.swift in Sources */ = {isa = PBXBuildFile; fileRef = B6506DB723DB4DFC00B8273D /* SceneDelegate.swift */; };
		B6506DBD23DB4DFC00B8273D /* Main.storyboard in Resources */ = {isa = PBXBuildFile; fileRef = B6506DBB23DB4DFC00B8273D /* Main.storyboard */; };
		B6506DBF23DB4DFD00B8273D /* Assets.xcassets in Resources */ = {isa = PBXBuildFile; fileRef = B6506DBE23DB4DFD00B8273D /* Assets.xcassets */; };
		B6506DC223DB4DFD00B8273D /* LaunchScreen.storyboard in Resources */ = {isa = PBXBuildFile; fileRef = B6506DC023DB4DFD00B8273D /* LaunchScreen.storyboard */; };
		B6506DCB23DB4E2700B8273D /* MainViewController.swift in Sources */ = {isa = PBXBuildFile; fileRef = B6506DCA23DB4E2700B8273D /* MainViewController.swift */; };
		B6506DCF23DB4EA200B8273D /* AddMovieViewController.swift in Sources */ = {isa = PBXBuildFile; fileRef = B6506DCE23DB4EA200B8273D /* AddMovieViewController.swift */; };
		B6506DD323DB513500B8273D /* Helper.swift in Sources */ = {isa = PBXBuildFile; fileRef = B6506DD223DB513500B8273D /* Helper.swift */; };
		B6506DD623DB587000B8273D /* CustomCell.swift in Sources */ = {isa = PBXBuildFile; fileRef = B6506DD523DB587000B8273D /* CustomCell.swift */; };
/* End PBXBuildFile section */

/* Begin PBXFileReference section */
		B6506DB223DB4DFC00B8273D /* MovieList.app */ = {isa = PBXFileReference; explicitFileType = wrapper.application; includeInIndex = 0; path = MovieList.app; sourceTree = BUILT_PRODUCTS_DIR; };
		B6506DB523DB4DFC00B8273D /* AppDelegate.swift */ = {isa = PBXFileReference; lastKnownFileType = sourcecode.swift; path = AppDelegate.swift; sourceTree = "<group>"; };
		B6506DB723DB4DFC00B8273D /* SceneDelegate.swift */ = {isa = PBXFileReference; lastKnownFileType = sourcecode.swift; path = SceneDelegate.swift; sourceTree = "<group>"; };
		B6506DBC23DB4DFC00B8273D /* Base */ = {isa = PBXFileReference; lastKnownFileType = file.storyboard; name = Base; path = Base.lproj/Main.storyboard; sourceTree = "<group>"; };
		B6506DBE23DB4DFD00B8273D /* Assets.xcassets */ = {isa = PBXFileReference; lastKnownFileType = folder.assetcatalog; path = Assets.xcassets; sourceTree = "<group>"; };
		B6506DC123DB4DFD00B8273D /* Base */ = {isa = PBXFileReference; lastKnownFileType = file.storyboard; name = Base; path = Base.lproj/LaunchScreen.storyboard; sourceTree = "<group>"; };
		B6506DC323DB4DFD00B8273D /* Info.plist */ = {isa = PBXFileReference; lastKnownFileType = text.plist.xml; path = Info.plist; sourceTree = "<group>"; };
		B6506DCA23DB4E2700B8273D /* MainViewController.swift */ = {isa = PBXFileReference; lastKnownFileType = sourcecode.swift; path = MainViewController.swift; sourceTree = "<group>"; };
		B6506DCE23DB4EA200B8273D /* AddMovieViewController.swift */ = {isa = PBXFileReference; lastKnownFileType = sourcecode.swift; path = AddMovieViewController.swift; sourceTree = "<group>"; };
		B6506DD223DB513500B8273D /* Helper.swift */ = {isa = PBXFileReference; lastKnownFileType = sourcecode.swift; path = Helper.swift; sourceTree = "<group>"; };
		B6506DD523DB587000B8273D /* CustomCell.swift */ = {isa = PBXFileReference; lastKnownFileType = sourcecode.swift; path = CustomCell.swift; sourceTree = "<group>"; };
/* End PBXFileReference section */

/* Begin PBXFrameworksBuildPhase section */
		B6506DAF23DB4DFC00B8273D /* Frameworks */ = {
			isa = PBXFrameworksBuildPhase;
			buildActionMask = 2147483647;
			files = (
			);
			runOnlyForDeploymentPostprocessing = 0;
		};
/* End PBXFrameworksBuildPhase section */

/* Begin PBXGroup section */
		B6506DA923DB4DFC00B8273D = {
			isa = PBXGroup;
			children = (
				B6506DB423DB4DFC00B8273D /* MovieList */,
				B6506DB323DB4DFC00B8273D /* Products */,
			);
			sourceTree = "<group>";
		};
		B6506DB323DB4DFC00B8273D /* Products */ = {
			isa = PBXGroup;
			children = (
				B6506DB223DB4DFC00B8273D /* MovieList.app */,
			);
			name = Products;
			sourceTree = "<group>";
		};
		B6506DB423DB4DFC00B8273D /* MovieList */ = {
			isa = PBXGroup;
			children = (
				B6506DC923DB4E0D00B8273D /* Resources */,
				B6506DCC23DB4E5E00B8273D /* View */,
				B6506DCD23DB4E6500B8273D /* Controllers */,
				B6506DC323DB4DFD00B8273D /* Info.plist */,
				B6506DD423DB585B00B8273D /* Helper */,
				B6506DD723DB597600B8273D /* Model */,
			);
			path = MovieList;
			sourceTree = "<group>";
		};
		B6506DC923DB4E0D00B8273D /* Resources */ = {
			isa = PBXGroup;
			children = (
				B6506DB523DB4DFC00B8273D /* AppDelegate.swift */,
				B6506DB723DB4DFC00B8273D /* SceneDelegate.swift */,
				B6506DBE23DB4DFD00B8273D /* Assets.xcassets */,
				B6506DC023DB4DFD00B8273D /* LaunchScreen.storyboard */,
			);
			path = Resources;
			sourceTree = "<group>";
		};
		B6506DCC23DB4E5E00B8273D /* View */ = {
			isa = PBXGroup;
			children = (
				B6506DBB23DB4DFC00B8273D /* Main.storyboard */,
			);
			path = View;
			sourceTree = "<group>";
		};
		B6506DCD23DB4E6500B8273D /* Controllers */ = {
			isa = PBXGroup;
			children = (
				B6506DCA23DB4E2700B8273D /* MainViewController.swift */,
				B6506DCE23DB4EA200B8273D /* AddMovieViewController.swift */,
			);
			path = Controllers;
			sourceTree = "<group>";
		};
		B6506DD423DB585B00B8273D /* Helper */ = {
			isa = PBXGroup;
			children = (
				B6506DD223DB513500B8273D /* Helper.swift */,
			);
			path = Helper;
			sourceTree = "<group>";
		};
		B6506DD723DB597600B8273D /* Model */ = {
			isa = PBXGroup;
			children = (
				B6506DD523DB587000B8273D /* CustomCell.swift */,
			);
			path = Model;
			sourceTree = "<group>";
		};
/* End PBXGroup section */

/* Begin PBXNativeTarget section */
		B6506DB123DB4DFC00B8273D /* MovieList */ = {
			isa = PBXNativeTarget;
			buildConfigurationList = B6506DC623DB4DFD00B8273D /* Build configuration list for PBXNativeTarget "MovieList" */;
			buildPhases = (
				B6506DAE23DB4DFC00B8273D /* Sources */,
				B6506DAF23DB4DFC00B8273D /* Frameworks */,
				B6506DB023DB4DFC00B8273D /* Resources */,
			);
			buildRules = (
			);
			dependencies = (
			);
			name = MovieList;
			productName = MovieList;
			productReference = B6506DB223DB4DFC00B8273D /* MovieList.app */;
			productType = "com.apple.product-type.application";
		};
/* End PBXNativeTarget section */

/* Begin PBXProject section */
		B6506DAA23DB4DFC00B8273D /* Project object */ = {
			isa = PBXProject;
			attributes = {
				LastSwiftUpdateCheck = 1130;
				LastUpgradeCheck = 1130;
				ORGANIZATIONNAME = "Nick Nguyen";
				TargetAttributes = {
					B6506DB123DB4DFC00B8273D = {
						CreatedOnToolsVersion = 11.3.1;
					};
				};
			};
			buildConfigurationList = B6506DAD23DB4DFC00B8273D /* Build configuration list for PBXProject "MovieList" */;
			compatibilityVersion = "Xcode 9.3";
			developmentRegion = en;
			hasScannedForEncodings = 0;
			knownRegions = (
				en,
				Base,
			);
			mainGroup = B6506DA923DB4DFC00B8273D;
			productRefGroup = B6506DB323DB4DFC00B8273D /* Products */;
			projectDirPath = "";
			projectRoot = "";
			targets = (
				B6506DB123DB4DFC00B8273D /* MovieList */,
			);
		};
/* End PBXProject section */

/* Begin PBXResourcesBuildPhase section */
		B6506DB023DB4DFC00B8273D /* Resources */ = {
			isa = PBXResourcesBuildPhase;
			buildActionMask = 2147483647;
			files = (
				B6506DC223DB4DFD00B8273D /* LaunchScreen.storyboard in Resources */,
				B6506DBF23DB4DFD00B8273D /* Assets.xcassets in Resources */,
				B6506DBD23DB4DFC00B8273D /* Main.storyboard in Resources */,
			);
			runOnlyForDeploymentPostprocessing = 0;
		};
/* End PBXResourcesBuildPhase section */

/* Begin PBXSourcesBuildPhase section */
		B6506DAE23DB4DFC00B8273D /* Sources */ = {
			isa = PBXSourcesBuildPhase;
			buildActionMask = 2147483647;
			files = (
				B6506DCB23DB4E2700B8273D /* MainViewController.swift in Sources */,
				B6506DB623DB4DFC00B8273D /* AppDelegate.swift in Sources */,
				B6506DD323DB513500B8273D /* Helper.swift in Sources */,
				B6506DB823DB4DFC00B8273D /* SceneDelegate.swift in Sources */,
				B6506DD623DB587000B8273D /* CustomCell.swift in Sources */,
				B6506DCF23DB4EA200B8273D /* AddMovieViewController.swift in Sources */,
			);
			runOnlyForDeploymentPostprocessing = 0;
		};
/* End PBXSourcesBuildPhase section */

/* Begin PBXVariantGroup section */
		B6506DBB23DB4DFC00B8273D /* Main.storyboard */ = {
			isa = PBXVariantGroup;
			children = (
				B6506DBC23DB4DFC00B8273D /* Base */,
			);
			name = Main.storyboard;
			sourceTree = "<group>";
		};
		B6506DC023DB4DFD00B8273D /* LaunchScreen.storyboard */ = {
			isa = PBXVariantGroup;
			children = (
				B6506DC123DB4DFD00B8273D /* Base */,
			);
			name = LaunchScreen.storyboard;
			sourceTree = "<group>";
		};
/* End PBXVariantGroup section */

/* Begin XCBuildConfiguration section */
		B6506DC423DB4DFD00B8273D /* Debug */ = {
			isa = XCBuildConfiguration;
			buildSettings = {
				ALWAYS_SEARCH_USER_PATHS = NO;
				CLANG_ANALYZER_NONNULL = YES;
				CLANG_ANALYZER_NUMBER_OBJECT_CONVERSION = YES_AGGRESSIVE;
				CLANG_CXX_LANGUAGE_STANDARD = "gnu++14";
				CLANG_CXX_LIBRARY = "libc++";
				CLANG_ENABLE_MODULES = YES;
				CLANG_ENABLE_OBJC_ARC = YES;
				CLANG_ENABLE_OBJC_WEAK = YES;
				CLANG_WARN_BLOCK_CAPTURE_AUTORELEASING = YES;
				CLANG_WARN_BOOL_CONVERSION = YES;
				CLANG_WARN_COMMA = YES;
				CLANG_WARN_CONSTANT_CONVERSION = YES;
				CLANG_WARN_DEPRECATED_OBJC_IMPLEMENTATIONS = YES;
				CLANG_WARN_DIRECT_OBJC_ISA_USAGE = YES_ERROR;
				CLANG_WARN_DOCUMENTATION_COMMENTS = YES;
				CLANG_WARN_EMPTY_BODY = YES;
				CLANG_WARN_ENUM_CONVERSION = YES;
				CLANG_WARN_INFINITE_RECURSION = YES;
				CLANG_WARN_INT_CONVERSION = YES;
				CLANG_WARN_NON_LITERAL_NULL_CONVERSION = YES;
				CLANG_WARN_OBJC_IMPLICIT_RETAIN_SELF = YES;
				CLANG_WARN_OBJC_LITERAL_CONVERSION = YES;
				CLANG_WARN_OBJC_ROOT_CLASS = YES_ERROR;
				CLANG_WARN_RANGE_LOOP_ANALYSIS = YES;
				CLANG_WARN_STRICT_PROTOTYPES = YES;
				CLANG_WARN_SUSPICIOUS_MOVE = YES;
				CLANG_WARN_UNGUARDED_AVAILABILITY = YES_AGGRESSIVE;
				CLANG_WARN_UNREACHABLE_CODE = YES;
				CLANG_WARN__DUPLICATE_METHOD_MATCH = YES;
				COPY_PHASE_STRIP = NO;
				DEBUG_INFORMATION_FORMAT = dwarf;
				ENABLE_STRICT_OBJC_MSGSEND = YES;
				ENABLE_TESTABILITY = YES;
				GCC_C_LANGUAGE_STANDARD = gnu11;
				GCC_DYNAMIC_NO_PIC = NO;
				GCC_NO_COMMON_BLOCKS = YES;
				GCC_OPTIMIZATION_LEVEL = 0;
				GCC_PREPROCESSOR_DEFINITIONS = (
					"DEBUG=1",
					"$(inherited)",
				);
				GCC_WARN_64_TO_32_BIT_CONVERSION = YES;
				GCC_WARN_ABOUT_RETURN_TYPE = YES_ERROR;
				GCC_WARN_UNDECLARED_SELECTOR = YES;
				GCC_WARN_UNINITIALIZED_AUTOS = YES_AGGRESSIVE;
				GCC_WARN_UNUSED_FUNCTION = YES;
				GCC_WARN_UNUSED_VARIABLE = YES;
				IPHONEOS_DEPLOYMENT_TARGET = 13.2;
				MTL_ENABLE_DEBUG_INFO = INCLUDE_SOURCE;
				MTL_FAST_MATH = YES;
				ONLY_ACTIVE_ARCH = YES;
				SDKROOT = iphoneos;
				SWIFT_ACTIVE_COMPILATION_CONDITIONS = DEBUG;
				SWIFT_OPTIMIZATION_LEVEL = "-Onone";
			};
			name = Debug;
		};
		B6506DC523DB4DFD00B8273D /* Release */ = {
			isa = XCBuildConfiguration;
			buildSettings = {
				ALWAYS_SEARCH_USER_PATHS = NO;
				CLANG_ANALYZER_NONNULL = YES;
				CLANG_ANALYZER_NUMBER_OBJECT_CONVERSION = YES_AGGRESSIVE;
				CLANG_CXX_LANGUAGE_STANDARD = "gnu++14";
				CLANG_CXX_LIBRARY = "libc++";
				CLANG_ENABLE_MODULES = YES;
				CLANG_ENABLE_OBJC_ARC = YES;
				CLANG_ENABLE_OBJC_WEAK = YES;
				CLANG_WARN_BLOCK_CAPTURE_AUTORELEASING = YES;
				CLANG_WARN_BOOL_CONVERSION = YES;
				CLANG_WARN_COMMA = YES;
				CLANG_WARN_CONSTANT_CONVERSION = YES;
				CLANG_WARN_DEPRECATED_OBJC_IMPLEMENTATIONS = YES;
				CLANG_WARN_DIRECT_OBJC_ISA_USAGE = YES_ERROR;
				CLANG_WARN_DOCUMENTATION_COMMENTS = YES;
				CLANG_WARN_EMPTY_BODY = YES;
				CLANG_WARN_ENUM_CONVERSION = YES;
				CLANG_WARN_INFINITE_RECURSION = YES;
				CLANG_WARN_INT_CONVERSION = YES;
				CLANG_WARN_NON_LITERAL_NULL_CONVERSION = YES;
				CLANG_WARN_OBJC_IMPLICIT_RETAIN_SELF = YES;
				CLANG_WARN_OBJC_LITERAL_CONVERSION = YES;
				CLANG_WARN_OBJC_ROOT_CLASS = YES_ERROR;
				CLANG_WARN_RANGE_LOOP_ANALYSIS = YES;
				CLANG_WARN_STRICT_PROTOTYPES = YES;
				CLANG_WARN_SUSPICIOUS_MOVE = YES;
				CLANG_WARN_UNGUARDED_AVAILABILITY = YES_AGGRESSIVE;
				CLANG_WARN_UNREACHABLE_CODE = YES;
				CLANG_WARN__DUPLICATE_METHOD_MATCH = YES;
				COPY_PHASE_STRIP = NO;
				DEBUG_INFORMATION_FORMAT = "dwarf-with-dsym";
				ENABLE_NS_ASSERTIONS = NO;
				ENABLE_STRICT_OBJC_MSGSEND = YES;
				GCC_C_LANGUAGE_STANDARD = gnu11;
				GCC_NO_COMMON_BLOCKS = YES;
				GCC_WARN_64_TO_32_BIT_CONVERSION = YES;
				GCC_WARN_ABOUT_RETURN_TYPE = YES_ERROR;
				GCC_WARN_UNDECLARED_SELECTOR = YES;
				GCC_WARN_UNINITIALIZED_AUTOS = YES_AGGRESSIVE;
				GCC_WARN_UNUSED_FUNCTION = YES;
				GCC_WARN_UNUSED_VARIABLE = YES;
				IPHONEOS_DEPLOYMENT_TARGET = 13.2;
				MTL_ENABLE_DEBUG_INFO = NO;
				MTL_FAST_MATH = YES;
				SDKROOT = iphoneos;
				SWIFT_COMPILATION_MODE = wholemodule;
				SWIFT_OPTIMIZATION_LEVEL = "-O";
				VALIDATE_PRODUCT = YES;
			};
			name = Release;
		};
		B6506DC723DB4DFD00B8273D /* Debug */ = {
			isa = XCBuildConfiguration;
			buildSettings = {
				ASSETCATALOG_COMPILER_APPICON_NAME = AppIcon;
				CODE_SIGN_STYLE = Automatic;
				DEVELOPMENT_TEAM = 4939K9623X;
				INFOPLIST_FILE = MovieList/Info.plist;
				LD_RUNPATH_SEARCH_PATHS = (
					"$(inherited)",
					"@executable_path/Frameworks",
				);
				PRODUCT_BUNDLE_IDENTIFIER = com.nick.MovieList;
				PRODUCT_NAME = "$(TARGET_NAME)";
				SWIFT_VERSION = 5.0;
				TARGETED_DEVICE_FAMILY = "1,2";
			};
			name = Debug;
		};
		B6506DC823DB4DFD00B8273D /* Release */ = {
			isa = XCBuildConfiguration;
			buildSettings = {
				ASSETCATALOG_COMPILER_APPICON_NAME = AppIcon;
				CODE_SIGN_STYLE = Automatic;
				DEVELOPMENT_TEAM = 4939K9623X;
				INFOPLIST_FILE = MovieList/Info.plist;
				LD_RUNPATH_SEARCH_PATHS = (
					"$(inherited)",
					"@executable_path/Frameworks",
				);
				PRODUCT_BUNDLE_IDENTIFIER = com.nick.MovieList;
				PRODUCT_NAME = "$(TARGET_NAME)";
				SWIFT_VERSION = 5.0;
				TARGETED_DEVICE_FAMILY = "1,2";
			};
			name = Release;
		};
/* End XCBuildConfiguration section */

/* Begin XCConfigurationList section */
		B6506DAD23DB4DFC00B8273D /* Build configuration list for PBXProject "MovieList" */ = {
			isa = XCConfigurationList;
			buildConfigurations = (
				B6506DC423DB4DFD00B8273D /* Debug */,
				B6506DC523DB4DFD00B8273D /* Release */,
			);
			defaultConfigurationIsVisible = 0;
			defaultConfigurationName = Release;
		};
		B6506DC623DB4DFD00B8273D /* Build configuration list for PBXNativeTarget "MovieList" */ = {
			isa = XCConfigurationList;
			buildConfigurations = (
				B6506DC723DB4DFD00B8273D /* Debug */,
				B6506DC823DB4DFD00B8273D /* Release */,
			);
			defaultConfigurationIsVisible = 0;
			defaultConfigurationName = Release;
		};
/* End XCConfigurationList section */
	};
	rootObject = B6506DAA23DB4DFC00B8273D /* Project object */;
}
