// !$*UTF8*$!
{
	archiveVersion = 1;
	classes = {
	};
	objectVersion = 50;
	objects = {

/* Begin PBXBuildFile section */
		1DB242182307070D00DCA406 /* AppDelegate.swift in Sources */ = {isa = PBXBuildFile; fileRef = 1DB242172307070D00DCA406 /* AppDelegate.swift */; };
		1DB2421D2307070D00DCA406 /* Main.storyboard in Resources */ = {isa = PBXBuildFile; fileRef = 1DB2421B2307070D00DCA406 /* Main.storyboard */; };
		1DB2421F2307070E00DCA406 /* Assets.xcassets in Resources */ = {isa = PBXBuildFile; fileRef = 1DB2421E2307070E00DCA406 /* Assets.xcassets */; };
		1DB242222307070E00DCA406 /* LaunchScreen.storyboard in Resources */ = {isa = PBXBuildFile; fileRef = 1DB242202307070E00DCA406 /* LaunchScreen.storyboard */; };
		1DB2422E2307153700DCA406 /* Movie.swift in Sources */ = {isa = PBXBuildFile; fileRef = 1DB2422D2307153700DCA406 /* Movie.swift */; };
		1DB2423223072BBE00DCA406 /* MoviesTableViewController.swift in Sources */ = {isa = PBXBuildFile; fileRef = 1DB2423123072BBE00DCA406 /* MoviesTableViewController.swift */; };
		1DB2423423072C9C00DCA406 /* AddMovieViewController.swift in Sources */ = {isa = PBXBuildFile; fileRef = 1DB2423323072C9C00DCA406 /* AddMovieViewController.swift */; };
		1DB2423623072D1800DCA406 /* MovieDetailViewController.swift in Sources */ = {isa = PBXBuildFile; fileRef = 1DB2423523072D1800DCA406 /* MovieDetailViewController.swift */; };
		1DB2423D23072F0000DCA406 /* MovieTableViewCell.swift in Sources */ = {isa = PBXBuildFile; fileRef = 1DB2423C23072F0000DCA406 /* MovieTableViewCell.swift */; };
		1DB2423F230738BF00DCA406 /* MovieController.swift in Sources */ = {isa = PBXBuildFile; fileRef = 1DB2423E230738BF00DCA406 /* MovieController.swift */; };
/* End PBXBuildFile section */

/* Begin PBXFileReference section */
		1DB242142307070D00DCA406 /* MovieList.app */ = {isa = PBXFileReference; explicitFileType = wrapper.application; includeInIndex = 0; path = MovieList.app; sourceTree = BUILT_PRODUCTS_DIR; };
		1DB242172307070D00DCA406 /* AppDelegate.swift */ = {isa = PBXFileReference; lastKnownFileType = sourcecode.swift; path = AppDelegate.swift; sourceTree = "<group>"; };
		1DB2421C2307070D00DCA406 /* Base */ = {isa = PBXFileReference; lastKnownFileType = file.storyboard; name = Base; path = Base.lproj/Main.storyboard; sourceTree = "<group>"; };
		1DB2421E2307070E00DCA406 /* Assets.xcassets */ = {isa = PBXFileReference; lastKnownFileType = folder.assetcatalog; path = Assets.xcassets; sourceTree = "<group>"; };
		1DB242212307070E00DCA406 /* Base */ = {isa = PBXFileReference; lastKnownFileType = file.storyboard; name = Base; path = Base.lproj/LaunchScreen.storyboard; sourceTree = "<group>"; };
		1DB242232307070E00DCA406 /* Info.plist */ = {isa = PBXFileReference; lastKnownFileType = text.plist.xml; path = Info.plist; sourceTree = "<group>"; };
		1DB2422D2307153700DCA406 /* Movie.swift */ = {isa = PBXFileReference; lastKnownFileType = sourcecode.swift; path = Movie.swift; sourceTree = "<group>"; };
		1DB2423123072BBE00DCA406 /* MoviesTableViewController.swift */ = {isa = PBXFileReference; lastKnownFileType = sourcecode.swift; path = MoviesTableViewController.swift; sourceTree = "<group>"; };
		1DB2423323072C9C00DCA406 /* AddMovieViewController.swift */ = {isa = PBXFileReference; lastKnownFileType = sourcecode.swift; path = AddMovieViewController.swift; sourceTree = "<group>"; };
		1DB2423523072D1800DCA406 /* MovieDetailViewController.swift */ = {isa = PBXFileReference; lastKnownFileType = sourcecode.swift; path = MovieDetailViewController.swift; sourceTree = "<group>"; };
		1DB2423C23072F0000DCA406 /* MovieTableViewCell.swift */ = {isa = PBXFileReference; lastKnownFileType = sourcecode.swift; path = MovieTableViewCell.swift; sourceTree = "<group>"; };
		1DB2423E230738BF00DCA406 /* MovieController.swift */ = {isa = PBXFileReference; lastKnownFileType = sourcecode.swift; path = MovieController.swift; sourceTree = "<group>"; };
/* End PBXFileReference section */

/* Begin PBXFrameworksBuildPhase section */
		1DB242112307070D00DCA406 /* Frameworks */ = {
			isa = PBXFrameworksBuildPhase;
			buildActionMask = 2147483647;
			files = (
			);
			runOnlyForDeploymentPostprocessing = 0;
		};
/* End PBXFrameworksBuildPhase section */

/* Begin PBXGroup section */
		1DB2420B2307070D00DCA406 = {
			isa = PBXGroup;
			children = (
				1DB242162307070D00DCA406 /* MovieList */,
				1DB242152307070D00DCA406 /* Products */,
			);
			sourceTree = "<group>";
		};
		1DB242152307070D00DCA406 /* Products */ = {
			isa = PBXGroup;
			children = (
				1DB242142307070D00DCA406 /* MovieList.app */,
			);
			name = Products;
			sourceTree = "<group>";
		};
		1DB242162307070D00DCA406 /* MovieList */ = {
			isa = PBXGroup;
			children = (
				1DB24240230738C600DCA406 /* Model Controller */,
				1DB2423A23072E2800DCA406 /* Model */,
				1DB2423723072D2400DCA406 /* View Controllers */,
				1DB2423B23072EAD00DCA406 /* Views */,
				1DB2423823072D9800DCA406 /* StoryBoard */,
				1DB2423923072DC000DCA406 /* Resources */,
			);
			path = MovieList;
			sourceTree = "<group>";
		};
		1DB2423723072D2400DCA406 /* View Controllers */ = {
			isa = PBXGroup;
			children = (
				1DB2423123072BBE00DCA406 /* MoviesTableViewController.swift */,
				1DB2423323072C9C00DCA406 /* AddMovieViewController.swift */,
				1DB2423523072D1800DCA406 /* MovieDetailViewController.swift */,
			);
			path = "View Controllers";
			sourceTree = "<group>";
		};
		1DB2423823072D9800DCA406 /* StoryBoard */ = {
			isa = PBXGroup;
			children = (
				1DB2421B2307070D00DCA406 /* Main.storyboard */,
				1DB242202307070E00DCA406 /* LaunchScreen.storyboard */,
			);
			path = StoryBoard;
			sourceTree = "<group>";
		};
		1DB2423923072DC000DCA406 /* Resources */ = {
			isa = PBXGroup;
			children = (
				1DB242172307070D00DCA406 /* AppDelegate.swift */,
				1DB242232307070E00DCA406 /* Info.plist */,
				1DB2421E2307070E00DCA406 /* Assets.xcassets */,
			);
			path = Resources;
			sourceTree = "<group>";
		};
		1DB2423A23072E2800DCA406 /* Model */ = {
			isa = PBXGroup;
			children = (
				1DB2422D2307153700DCA406 /* Movie.swift */,
			);
			path = Model;
			sourceTree = "<group>";
		};
		1DB2423B23072EAD00DCA406 /* Views */ = {
			isa = PBXGroup;
			children = (
				1DB2423C23072F0000DCA406 /* MovieTableViewCell.swift */,
			);
			path = Views;
			sourceTree = "<group>";
		};
		1DB24240230738C600DCA406 /* Model Controller */ = {
			isa = PBXGroup;
			children = (
				1DB2423E230738BF00DCA406 /* MovieController.swift */,
			);
			path = "Model Controller";
			sourceTree = "<group>";
		};
/* End PBXGroup section */

/* Begin PBXNativeTarget section */
		1DB242132307070D00DCA406 /* MovieList */ = {
			isa = PBXNativeTarget;
			buildConfigurationList = 1DB242262307070E00DCA406 /* Build configuration list for PBXNativeTarget "MovieList" */;
			buildPhases = (
				1DB242102307070D00DCA406 /* Sources */,
				1DB242112307070D00DCA406 /* Frameworks */,
				1DB242122307070D00DCA406 /* Resources */,
			);
			buildRules = (
			);
			dependencies = (
			);
			name = MovieList;
			productName = MovieList;
			productReference = 1DB242142307070D00DCA406 /* MovieList.app */;
			productType = "com.apple.product-type.application";
		};
/* End PBXNativeTarget section */

/* Begin PBXProject section */
		1DB2420C2307070D00DCA406 /* Project object */ = {
			isa = PBXProject;
			attributes = {
				LastSwiftUpdateCheck = 1030;
				LastUpgradeCheck = 1030;
				ORGANIZATIONNAME = AMSU;
				TargetAttributes = {
					1DB242132307070D00DCA406 = {
						CreatedOnToolsVersion = 10.3;
					};
				};
			};
			buildConfigurationList = 1DB2420F2307070D00DCA406 /* Build configuration list for PBXProject "MovieList" */;
			compatibilityVersion = "Xcode 9.3";
			developmentRegion = en;
			hasScannedForEncodings = 0;
			knownRegions = (
				en,
				Base,
			);
			mainGroup = 1DB2420B2307070D00DCA406;
			productRefGroup = 1DB242152307070D00DCA406 /* Products */;
			projectDirPath = "";
			projectRoot = "";
			targets = (
				1DB242132307070D00DCA406 /* MovieList */,
			);
		};
/* End PBXProject section */

/* Begin PBXResourcesBuildPhase section */
		1DB242122307070D00DCA406 /* Resources */ = {
			isa = PBXResourcesBuildPhase;
			buildActionMask = 2147483647;
			files = (
				1DB242222307070E00DCA406 /* LaunchScreen.storyboard in Resources */,
				1DB2421F2307070E00DCA406 /* Assets.xcassets in Resources */,
				1DB2421D2307070D00DCA406 /* Main.storyboard in Resources */,
			);
			runOnlyForDeploymentPostprocessing = 0;
		};
/* End PBXResourcesBuildPhase section */

/* Begin PBXSourcesBuildPhase section */
		1DB242102307070D00DCA406 /* Sources */ = {
			isa = PBXSourcesBuildPhase;
			buildActionMask = 2147483647;
			files = (
				1DB2423223072BBE00DCA406 /* MoviesTableViewController.swift in Sources */,
				1DB2423623072D1800DCA406 /* MovieDetailViewController.swift in Sources */,
				1DB2423D23072F0000DCA406 /* MovieTableViewCell.swift in Sources */,
				1DB242182307070D00DCA406 /* AppDelegate.swift in Sources */,
				1DB2422E2307153700DCA406 /* Movie.swift in Sources */,
				1DB2423F230738BF00DCA406 /* MovieController.swift in Sources */,
				1DB2423423072C9C00DCA406 /* AddMovieViewController.swift in Sources */,
			);
			runOnlyForDeploymentPostprocessing = 0;
		};
/* End PBXSourcesBuildPhase section */

/* Begin PBXVariantGroup section */
		1DB2421B2307070D00DCA406 /* Main.storyboard */ = {
			isa = PBXVariantGroup;
			children = (
				1DB2421C2307070D00DCA406 /* Base */,
			);
			name = Main.storyboard;
			sourceTree = "<group>";
		};
		1DB242202307070E00DCA406 /* LaunchScreen.storyboard */ = {
			isa = PBXVariantGroup;
			children = (
				1DB242212307070E00DCA406 /* Base */,
			);
			name = LaunchScreen.storyboard;
			sourceTree = "<group>";
		};
/* End PBXVariantGroup section */

/* Begin XCBuildConfiguration section */
		1DB242242307070E00DCA406 /* Debug */ = {
			isa = XCBuildConfiguration;
			buildSettings = {
				ALWAYS_SEARCH_USER_PATHS = NO;
				CLANG_ANALYZER_NONNULL = YES;
				CLANG_ANALYZER_NUMBER_OBJECT_CONVERSION = YES_AGGRESSIVE;
				CLANG_CXX_LANGUAGE_STANDARD = "gnu++14";
				CLANG_CXX_LIBRARY = "libc++";
				CLANG_ENABLE_MODULES = YES;
				CLANG_ENABLE_OBJC_ARC = YES;
				CLANG_ENABLE_OBJC_WEAK = YES;
				CLANG_WARN_BLOCK_CAPTURE_AUTORELEASING = YES;
				CLANG_WARN_BOOL_CONVERSION = YES;
				CLANG_WARN_COMMA = YES;
				CLANG_WARN_CONSTANT_CONVERSION = YES;
				CLANG_WARN_DEPRECATED_OBJC_IMPLEMENTATIONS = YES;
				CLANG_WARN_DIRECT_OBJC_ISA_USAGE = YES_ERROR;
				CLANG_WARN_DOCUMENTATION_COMMENTS = YES;
				CLANG_WARN_EMPTY_BODY = YES;
				CLANG_WARN_ENUM_CONVERSION = YES;
				CLANG_WARN_INFINITE_RECURSION = YES;
				CLANG_WARN_INT_CONVERSION = YES;
				CLANG_WARN_NON_LITERAL_NULL_CONVERSION = YES;
				CLANG_WARN_OBJC_IMPLICIT_RETAIN_SELF = YES;
				CLANG_WARN_OBJC_LITERAL_CONVERSION = YES;
				CLANG_WARN_OBJC_ROOT_CLASS = YES_ERROR;
				CLANG_WARN_RANGE_LOOP_ANALYSIS = YES;
				CLANG_WARN_STRICT_PROTOTYPES = YES;
				CLANG_WARN_SUSPICIOUS_MOVE = YES;
				CLANG_WARN_UNGUARDED_AVAILABILITY = YES_AGGRESSIVE;
				CLANG_WARN_UNREACHABLE_CODE = YES;
				CLANG_WARN__DUPLICATE_METHOD_MATCH = YES;
				CODE_SIGN_IDENTITY = "iPhone Developer";
				COPY_PHASE_STRIP = NO;
				DEBUG_INFORMATION_FORMAT = dwarf;
				ENABLE_STRICT_OBJC_MSGSEND = YES;
				ENABLE_TESTABILITY = YES;
				GCC_C_LANGUAGE_STANDARD = gnu11;
				GCC_DYNAMIC_NO_PIC = NO;
				GCC_NO_COMMON_BLOCKS = YES;
				GCC_OPTIMIZATION_LEVEL = 0;
				GCC_PREPROCESSOR_DEFINITIONS = (
					"DEBUG=1",
					"$(inherited)",
				);
				GCC_WARN_64_TO_32_BIT_CONVERSION = YES;
				GCC_WARN_ABOUT_RETURN_TYPE = YES_ERROR;
				GCC_WARN_UNDECLARED_SELECTOR = YES;
				GCC_WARN_UNINITIALIZED_AUTOS = YES_AGGRESSIVE;
				GCC_WARN_UNUSED_FUNCTION = YES;
				GCC_WARN_UNUSED_VARIABLE = YES;
				IPHONEOS_DEPLOYMENT_TARGET = 12.4;
				MTL_ENABLE_DEBUG_INFO = INCLUDE_SOURCE;
				MTL_FAST_MATH = YES;
				ONLY_ACTIVE_ARCH = YES;
				SDKROOT = iphoneos;
				SWIFT_ACTIVE_COMPILATION_CONDITIONS = DEBUG;
				SWIFT_OPTIMIZATION_LEVEL = "-Onone";
			};
			name = Debug;
		};
		1DB242252307070E00DCA406 /* Release */ = {
			isa = XCBuildConfiguration;
			buildSettings = {
				ALWAYS_SEARCH_USER_PATHS = NO;
				CLANG_ANALYZER_NONNULL = YES;
				CLANG_ANALYZER_NUMBER_OBJECT_CONVERSION = YES_AGGRESSIVE;
				CLANG_CXX_LANGUAGE_STANDARD = "gnu++14";
				CLANG_CXX_LIBRARY = "libc++";
				CLANG_ENABLE_MODULES = YES;
				CLANG_ENABLE_OBJC_ARC = YES;
				CLANG_ENABLE_OBJC_WEAK = YES;
				CLANG_WARN_BLOCK_CAPTURE_AUTORELEASING = YES;
				CLANG_WARN_BOOL_CONVERSION = YES;
				CLANG_WARN_COMMA = YES;
				CLANG_WARN_CONSTANT_CONVERSION = YES;
				CLANG_WARN_DEPRECATED_OBJC_IMPLEMENTATIONS = YES;
				CLANG_WARN_DIRECT_OBJC_ISA_USAGE = YES_ERROR;
				CLANG_WARN_DOCUMENTATION_COMMENTS = YES;
				CLANG_WARN_EMPTY_BODY = YES;
				CLANG_WARN_ENUM_CONVERSION = YES;
				CLANG_WARN_INFINITE_RECURSION = YES;
				CLANG_WARN_INT_CONVERSION = YES;
				CLANG_WARN_NON_LITERAL_NULL_CONVERSION = YES;
				CLANG_WARN_OBJC_IMPLICIT_RETAIN_SELF = YES;
				CLANG_WARN_OBJC_LITERAL_CONVERSION = YES;
				CLANG_WARN_OBJC_ROOT_CLASS = YES_ERROR;
				CLANG_WARN_RANGE_LOOP_ANALYSIS = YES;
				CLANG_WARN_STRICT_PROTOTYPES = YES;
				CLANG_WARN_SUSPICIOUS_MOVE = YES;
				CLANG_WARN_UNGUARDED_AVAILABILITY = YES_AGGRESSIVE;
				CLANG_WARN_UNREACHABLE_CODE = YES;
				CLANG_WARN__DUPLICATE_METHOD_MATCH = YES;
				CODE_SIGN_IDENTITY = "iPhone Developer";
				COPY_PHASE_STRIP = NO;
				DEBUG_INFORMATION_FORMAT = "dwarf-with-dsym";
				ENABLE_NS_ASSERTIONS = NO;
				ENABLE_STRICT_OBJC_MSGSEND = YES;
				GCC_C_LANGUAGE_STANDARD = gnu11;
				GCC_NO_COMMON_BLOCKS = YES;
				GCC_WARN_64_TO_32_BIT_CONVERSION = YES;
				GCC_WARN_ABOUT_RETURN_TYPE = YES_ERROR;
				GCC_WARN_UNDECLARED_SELECTOR = YES;
				GCC_WARN_UNINITIALIZED_AUTOS = YES_AGGRESSIVE;
				GCC_WARN_UNUSED_FUNCTION = YES;
				GCC_WARN_UNUSED_VARIABLE = YES;
				IPHONEOS_DEPLOYMENT_TARGET = 12.4;
				MTL_ENABLE_DEBUG_INFO = NO;
				MTL_FAST_MATH = YES;
				SDKROOT = iphoneos;
				SWIFT_COMPILATION_MODE = wholemodule;
				SWIFT_OPTIMIZATION_LEVEL = "-O";
				VALIDATE_PRODUCT = YES;
			};
			name = Release;
		};
		1DB242272307070E00DCA406 /* Debug */ = {
			isa = XCBuildConfiguration;
			buildSettings = {
				ASSETCATALOG_COMPILER_APPICON_NAME = AppIcon;
				CODE_SIGN_STYLE = Automatic;
				DEVELOPMENT_TEAM = 4N7KC37FXM;
				INFOPLIST_FILE = "$(SRCROOT)/MovieList/Resources/Info.plist";
				LD_RUNPATH_SEARCH_PATHS = (
					"$(inherited)",
					"@executable_path/Frameworks",
				);
				PRODUCT_BUNDLE_IDENTIFIER = jfranklin.swift.cs193p.lecture.MovieList;
				PRODUCT_NAME = "$(TARGET_NAME)";
				SWIFT_VERSION = 5.0;
				TARGETED_DEVICE_FAMILY = "1,2";
			};
			name = Debug;
		};
		1DB242282307070E00DCA406 /* Release */ = {
			isa = XCBuildConfiguration;
			buildSettings = {
				ASSETCATALOG_COMPILER_APPICON_NAME = AppIcon;
				CODE_SIGN_STYLE = Automatic;
				DEVELOPMENT_TEAM = 4N7KC37FXM;
				INFOPLIST_FILE = "$(SRCROOT)/MovieList/Resources/Info.plist";
				LD_RUNPATH_SEARCH_PATHS = (
					"$(inherited)",
					"@executable_path/Frameworks",
				);
				PRODUCT_BUNDLE_IDENTIFIER = jfranklin.swift.cs193p.lecture.MovieList;
				PRODUCT_NAME = "$(TARGET_NAME)";
				SWIFT_VERSION = 5.0;
				TARGETED_DEVICE_FAMILY = "1,2";
			};
			name = Release;
		};
/* End XCBuildConfiguration section */

/* Begin XCConfigurationList section */
		1DB2420F2307070D00DCA406 /* Build configuration list for PBXProject "MovieList" */ = {
			isa = XCConfigurationList;
			buildConfigurations = (
				1DB242242307070E00DCA406 /* Debug */,
				1DB242252307070E00DCA406 /* Release */,
			);
			defaultConfigurationIsVisible = 0;
			defaultConfigurationName = Release;
		};
		1DB242262307070E00DCA406 /* Build configuration list for PBXNativeTarget "MovieList" */ = {
			isa = XCConfigurationList;
			buildConfigurations = (
				1DB242272307070E00DCA406 /* Debug */,
				1DB242282307070E00DCA406 /* Release */,
			);
			defaultConfigurationIsVisible = 0;
			defaultConfigurationName = Release;
		};
/* End XCConfigurationList section */
	};
	rootObject = 1DB2420C2307070D00DCA406 /* Project object */;
}
