// !$*UTF8*$!
{
	archiveVersion = 1;
	classes = {
	};
	objectVersion = 50;
	objects = {

/* Begin PBXBuildFile section */
		FA63AFE0227361EC0079D8D6 /* AppDelegate.swift in Sources */ = {isa = PBXBuildFile; fileRef = FA63AFDF227361EC0079D8D6 /* AppDelegate.swift */; };
		FA63AFE5227361EC0079D8D6 /* Main.storyboard in Resources */ = {isa = PBXBuildFile; fileRef = FA63AFE3227361EC0079D8D6 /* Main.storyboard */; };
		FA63AFE7227361ED0079D8D6 /* Assets.xcassets in Resources */ = {isa = PBXBuildFile; fileRef = FA63AFE6227361ED0079D8D6 /* Assets.xcassets */; };
		FA63AFEA227361ED0079D8D6 /* LaunchScreen.storyboard in Resources */ = {isa = PBXBuildFile; fileRef = FA63AFE8227361ED0079D8D6 /* LaunchScreen.storyboard */; };
		FA9DBEAE227364CB00B856F6 /* MoviesTableViewController.swift in Sources */ = {isa = PBXBuildFile; fileRef = FA9DBEAD227364CB00B856F6 /* MoviesTableViewController.swift */; };
		FA9DBEB0227364E500B856F6 /* MoviesTableViewCell.swift in Sources */ = {isa = PBXBuildFile; fileRef = FA9DBEAF227364E500B856F6 /* MoviesTableViewCell.swift */; };
		FA9DBEB222736A2C00B856F6 /* MovieController.swift in Sources */ = {isa = PBXBuildFile; fileRef = FA9DBEB122736A2C00B856F6 /* MovieController.swift */; };
		FA9DBEB422736B1500B856F6 /* Movie.swift in Sources */ = {isa = PBXBuildFile; fileRef = FA9DBEB322736B1500B856F6 /* Movie.swift */; };
		FA9DBEB622736BB000B856F6 /* MovieViewController.swift in Sources */ = {isa = PBXBuildFile; fileRef = FA9DBEB522736BB000B856F6 /* MovieViewController.swift */; };
		FA9DBEB822736C2B00B856F6 /* MovieControllerProtocol.swift in Sources */ = {isa = PBXBuildFile; fileRef = FA9DBEB722736C2B00B856F6 /* MovieControllerProtocol.swift */; };
/* End PBXBuildFile section */

/* Begin PBXFileReference section */
		FA63AFDC227361EC0079D8D6 /* iOS-Sprint-Challenge.app */ = {isa = PBXFileReference; explicitFileType = wrapper.application; includeInIndex = 0; path = "iOS-Sprint-Challenge.app"; sourceTree = BUILT_PRODUCTS_DIR; };
		FA63AFDF227361EC0079D8D6 /* AppDelegate.swift */ = {isa = PBXFileReference; lastKnownFileType = sourcecode.swift; path = AppDelegate.swift; sourceTree = "<group>"; };
		FA63AFE4227361EC0079D8D6 /* Base */ = {isa = PBXFileReference; lastKnownFileType = file.storyboard; name = Base; path = Base.lproj/Main.storyboard; sourceTree = "<group>"; };
		FA63AFE6227361ED0079D8D6 /* Assets.xcassets */ = {isa = PBXFileReference; lastKnownFileType = folder.assetcatalog; path = Assets.xcassets; sourceTree = "<group>"; };
		FA63AFE9227361ED0079D8D6 /* Base */ = {isa = PBXFileReference; lastKnownFileType = file.storyboard; name = Base; path = Base.lproj/LaunchScreen.storyboard; sourceTree = "<group>"; };
		FA63AFEB227361ED0079D8D6 /* Info.plist */ = {isa = PBXFileReference; lastKnownFileType = text.plist.xml; path = Info.plist; sourceTree = "<group>"; };
		FA9DBEAD227364CB00B856F6 /* MoviesTableViewController.swift */ = {isa = PBXFileReference; lastKnownFileType = sourcecode.swift; path = MoviesTableViewController.swift; sourceTree = "<group>"; };
		FA9DBEAF227364E500B856F6 /* MoviesTableViewCell.swift */ = {isa = PBXFileReference; lastKnownFileType = sourcecode.swift; path = MoviesTableViewCell.swift; sourceTree = "<group>"; };
		FA9DBEB122736A2C00B856F6 /* MovieController.swift */ = {isa = PBXFileReference; lastKnownFileType = sourcecode.swift; path = MovieController.swift; sourceTree = "<group>"; };
		FA9DBEB322736B1500B856F6 /* Movie.swift */ = {isa = PBXFileReference; lastKnownFileType = sourcecode.swift; path = Movie.swift; sourceTree = "<group>"; };
		FA9DBEB522736BB000B856F6 /* MovieViewController.swift */ = {isa = PBXFileReference; lastKnownFileType = sourcecode.swift; path = MovieViewController.swift; sourceTree = "<group>"; };
		FA9DBEB722736C2B00B856F6 /* MovieControllerProtocol.swift */ = {isa = PBXFileReference; lastKnownFileType = sourcecode.swift; path = MovieControllerProtocol.swift; sourceTree = "<group>"; };
/* End PBXFileReference section */

/* Begin PBXFrameworksBuildPhase section */
		FA63AFD9227361EC0079D8D6 /* Frameworks */ = {
			isa = PBXFrameworksBuildPhase;
			buildActionMask = 2147483647;
			files = (
			);
			runOnlyForDeploymentPostprocessing = 0;
		};
/* End PBXFrameworksBuildPhase section */

/* Begin PBXGroup section */
		FA63AFD3227361EC0079D8D6 = {
			isa = PBXGroup;
			children = (
				FA63AFDE227361EC0079D8D6 /* iOS-Sprint-Challenge */,
				FA63AFDD227361EC0079D8D6 /* Products */,
			);
			sourceTree = "<group>";
		};
		FA63AFDD227361EC0079D8D6 /* Products */ = {
			isa = PBXGroup;
			children = (
				FA63AFDC227361EC0079D8D6 /* iOS-Sprint-Challenge.app */,
			);
			name = Products;
			sourceTree = "<group>";
		};
		FA63AFDE227361EC0079D8D6 /* iOS-Sprint-Challenge */ = {
			isa = PBXGroup;
			children = (
				FA63AFDF227361EC0079D8D6 /* AppDelegate.swift */,
				FA9DBEAD227364CB00B856F6 /* MoviesTableViewController.swift */,
				FA9DBEB522736BB000B856F6 /* MovieViewController.swift */,
				FA9DBEB722736C2B00B856F6 /* MovieControllerProtocol.swift */,
				FA9DBEAF227364E500B856F6 /* MoviesTableViewCell.swift */,
				FA9DBEB122736A2C00B856F6 /* MovieController.swift */,
				FA63AFE3227361EC0079D8D6 /* Main.storyboard */,
				FA9DBEB322736B1500B856F6 /* Movie.swift */,
				FA63AFE6227361ED0079D8D6 /* Assets.xcassets */,
				FA63AFE8227361ED0079D8D6 /* LaunchScreen.storyboard */,
				FA63AFEB227361ED0079D8D6 /* Info.plist */,
			);
			path = "iOS-Sprint-Challenge";
			sourceTree = "<group>";
		};
/* End PBXGroup section */

/* Begin PBXNativeTarget section */
		FA63AFDB227361EC0079D8D6 /* iOS-Sprint-Challenge */ = {
			isa = PBXNativeTarget;
			buildConfigurationList = FA63AFEE227361ED0079D8D6 /* Build configuration list for PBXNativeTarget "iOS-Sprint-Challenge" */;
			buildPhases = (
				FA63AFD8227361EC0079D8D6 /* Sources */,
				FA63AFD9227361EC0079D8D6 /* Frameworks */,
				FA63AFDA227361EC0079D8D6 /* Resources */,
			);
			buildRules = (
			);
			dependencies = (
			);
			name = "iOS-Sprint-Challenge";
			productName = "iOS-Sprint-Challenge";
			productReference = FA63AFDC227361EC0079D8D6 /* iOS-Sprint-Challenge.app */;
			productType = "com.apple.product-type.application";
		};
/* End PBXNativeTarget section */

/* Begin PBXProject section */
		FA63AFD4227361EC0079D8D6 /* Project object */ = {
			isa = PBXProject;
			attributes = {
				LastSwiftUpdateCheck = 1020;
				LastUpgradeCheck = 1020;
				ORGANIZATIONNAME = "Blair Holmgren";
				TargetAttributes = {
					FA63AFDB227361EC0079D8D6 = {
						CreatedOnToolsVersion = 10.2.1;
					};
				};
			};
			buildConfigurationList = FA63AFD7227361EC0079D8D6 /* Build configuration list for PBXProject "iOS-Sprint-Challenge" */;
			compatibilityVersion = "Xcode 9.3";
			developmentRegion = en;
			hasScannedForEncodings = 0;
			knownRegions = (
				en,
				Base,
			);
			mainGroup = FA63AFD3227361EC0079D8D6;
			productRefGroup = FA63AFDD227361EC0079D8D6 /* Products */;
			projectDirPath = "";
			projectRoot = "";
			targets = (
				FA63AFDB227361EC0079D8D6 /* iOS-Sprint-Challenge */,
			);
		};
/* End PBXProject section */

/* Begin PBXResourcesBuildPhase section */
		FA63AFDA227361EC0079D8D6 /* Resources */ = {
			isa = PBXResourcesBuildPhase;
			buildActionMask = 2147483647;
			files = (
				FA63AFEA227361ED0079D8D6 /* LaunchScreen.storyboard in Resources */,
				FA63AFE7227361ED0079D8D6 /* Assets.xcassets in Resources */,
				FA63AFE5227361EC0079D8D6 /* Main.storyboard in Resources */,
			);
			runOnlyForDeploymentPostprocessing = 0;
		};
/* End PBXResourcesBuildPhase section */

/* Begin PBXSourcesBuildPhase section */
		FA63AFD8227361EC0079D8D6 /* Sources */ = {
			isa = PBXSourcesBuildPhase;
			buildActionMask = 2147483647;
			files = (
				FA9DBEB822736C2B00B856F6 /* MovieControllerProtocol.swift in Sources */,
				FA9DBEB0227364E500B856F6 /* MoviesTableViewCell.swift in Sources */,
				FA9DBEB222736A2C00B856F6 /* MovieController.swift in Sources */,
				FA9DBEAE227364CB00B856F6 /* MoviesTableViewController.swift in Sources */,
				FA63AFE0227361EC0079D8D6 /* AppDelegate.swift in Sources */,
				FA9DBEB422736B1500B856F6 /* Movie.swift in Sources */,
				FA9DBEB622736BB000B856F6 /* MovieViewController.swift in Sources */,
			);
			runOnlyForDeploymentPostprocessing = 0;
		};
/* End PBXSourcesBuildPhase section */

/* Begin PBXVariantGroup section */
		FA63AFE3227361EC0079D8D6 /* Main.storyboard */ = {
			isa = PBXVariantGroup;
			children = (
				FA63AFE4227361EC0079D8D6 /* Base */,
			);
			name = Main.storyboard;
			sourceTree = "<group>";
		};
		FA63AFE8227361ED0079D8D6 /* LaunchScreen.storyboard */ = {
			isa = PBXVariantGroup;
			children = (
				FA63AFE9227361ED0079D8D6 /* Base */,
			);
			name = LaunchScreen.storyboard;
			sourceTree = "<group>";
		};
/* End PBXVariantGroup section */

/* Begin XCBuildConfiguration section */
		FA63AFEC227361ED0079D8D6 /* Debug */ = {
			isa = XCBuildConfiguration;
			buildSettings = {
				ALWAYS_SEARCH_USER_PATHS = NO;
				CLANG_ANALYZER_NONNULL = YES;
				CLANG_ANALYZER_NUMBER_OBJECT_CONVERSION = YES_AGGRESSIVE;
				CLANG_CXX_LANGUAGE_STANDARD = "gnu++14";
				CLANG_CXX_LIBRARY = "libc++";
				CLANG_ENABLE_MODULES = YES;
				CLANG_ENABLE_OBJC_ARC = YES;
				CLANG_ENABLE_OBJC_WEAK = YES;
				CLANG_WARN_BLOCK_CAPTURE_AUTORELEASING = YES;
				CLANG_WARN_BOOL_CONVERSION = YES;
				CLANG_WARN_COMMA = YES;
				CLANG_WARN_CONSTANT_CONVERSION = YES;
				CLANG_WARN_DEPRECATED_OBJC_IMPLEMENTATIONS = YES;
				CLANG_WARN_DIRECT_OBJC_ISA_USAGE = YES_ERROR;
				CLANG_WARN_DOCUMENTATION_COMMENTS = YES;
				CLANG_WARN_EMPTY_BODY = YES;
				CLANG_WARN_ENUM_CONVERSION = YES;
				CLANG_WARN_INFINITE_RECURSION = YES;
				CLANG_WARN_INT_CONVERSION = YES;
				CLANG_WARN_NON_LITERAL_NULL_CONVERSION = YES;
				CLANG_WARN_OBJC_IMPLICIT_RETAIN_SELF = YES;
				CLANG_WARN_OBJC_LITERAL_CONVERSION = YES;
				CLANG_WARN_OBJC_ROOT_CLASS = YES_ERROR;
				CLANG_WARN_RANGE_LOOP_ANALYSIS = YES;
				CLANG_WARN_STRICT_PROTOTYPES = YES;
				CLANG_WARN_SUSPICIOUS_MOVE = YES;
				CLANG_WARN_UNGUARDED_AVAILABILITY = YES_AGGRESSIVE;
				CLANG_WARN_UNREACHABLE_CODE = YES;
				CLANG_WARN__DUPLICATE_METHOD_MATCH = YES;
				CODE_SIGN_IDENTITY = "iPhone Developer";
				COPY_PHASE_STRIP = NO;
				DEBUG_INFORMATION_FORMAT = dwarf;
				ENABLE_STRICT_OBJC_MSGSEND = YES;
				ENABLE_TESTABILITY = YES;
				GCC_C_LANGUAGE_STANDARD = gnu11;
				GCC_DYNAMIC_NO_PIC = NO;
				GCC_NO_COMMON_BLOCKS = YES;
				GCC_OPTIMIZATION_LEVEL = 0;
				GCC_PREPROCESSOR_DEFINITIONS = (
					"DEBUG=1",
					"$(inherited)",
				);
				GCC_WARN_64_TO_32_BIT_CONVERSION = YES;
				GCC_WARN_ABOUT_RETURN_TYPE = YES_ERROR;
				GCC_WARN_UNDECLARED_SELECTOR = YES;
				GCC_WARN_UNINITIALIZED_AUTOS = YES_AGGRESSIVE;
				GCC_WARN_UNUSED_FUNCTION = YES;
				GCC_WARN_UNUSED_VARIABLE = YES;
				IPHONEOS_DEPLOYMENT_TARGET = 12.2;
				MTL_ENABLE_DEBUG_INFO = INCLUDE_SOURCE;
				MTL_FAST_MATH = YES;
				ONLY_ACTIVE_ARCH = YES;
				SDKROOT = iphoneos;
				SWIFT_ACTIVE_COMPILATION_CONDITIONS = DEBUG;
				SWIFT_OPTIMIZATION_LEVEL = "-Onone";
			};
			name = Debug;
		};
		FA63AFED227361ED0079D8D6 /* Release */ = {
			isa = XCBuildConfiguration;
			buildSettings = {
				ALWAYS_SEARCH_USER_PATHS = NO;
				CLANG_ANALYZER_NONNULL = YES;
				CLANG_ANALYZER_NUMBER_OBJECT_CONVERSION = YES_AGGRESSIVE;
				CLANG_CXX_LANGUAGE_STANDARD = "gnu++14";
				CLANG_CXX_LIBRARY = "libc++";
				CLANG_ENABLE_MODULES = YES;
				CLANG_ENABLE_OBJC_ARC = YES;
				CLANG_ENABLE_OBJC_WEAK = YES;
				CLANG_WARN_BLOCK_CAPTURE_AUTORELEASING = YES;
				CLANG_WARN_BOOL_CONVERSION = YES;
				CLANG_WARN_COMMA = YES;
				CLANG_WARN_CONSTANT_CONVERSION = YES;
				CLANG_WARN_DEPRECATED_OBJC_IMPLEMENTATIONS = YES;
				CLANG_WARN_DIRECT_OBJC_ISA_USAGE = YES_ERROR;
				CLANG_WARN_DOCUMENTATION_COMMENTS = YES;
				CLANG_WARN_EMPTY_BODY = YES;
				CLANG_WARN_ENUM_CONVERSION = YES;
				CLANG_WARN_INFINITE_RECURSION = YES;
				CLANG_WARN_INT_CONVERSION = YES;
				CLANG_WARN_NON_LITERAL_NULL_CONVERSION = YES;
				CLANG_WARN_OBJC_IMPLICIT_RETAIN_SELF = YES;
				CLANG_WARN_OBJC_LITERAL_CONVERSION = YES;
				CLANG_WARN_OBJC_ROOT_CLASS = YES_ERROR;
				CLANG_WARN_RANGE_LOOP_ANALYSIS = YES;
				CLANG_WARN_STRICT_PROTOTYPES = YES;
				CLANG_WARN_SUSPICIOUS_MOVE = YES;
				CLANG_WARN_UNGUARDED_AVAILABILITY = YES_AGGRESSIVE;
				CLANG_WARN_UNREACHABLE_CODE = YES;
				CLANG_WARN__DUPLICATE_METHOD_MATCH = YES;
				CODE_SIGN_IDENTITY = "iPhone Developer";
				COPY_PHASE_STRIP = NO;
				DEBUG_INFORMATION_FORMAT = "dwarf-with-dsym";
				ENABLE_NS_ASSERTIONS = NO;
				ENABLE_STRICT_OBJC_MSGSEND = YES;
				GCC_C_LANGUAGE_STANDARD = gnu11;
				GCC_NO_COMMON_BLOCKS = YES;
				GCC_WARN_64_TO_32_BIT_CONVERSION = YES;
				GCC_WARN_ABOUT_RETURN_TYPE = YES_ERROR;
				GCC_WARN_UNDECLARED_SELECTOR = YES;
				GCC_WARN_UNINITIALIZED_AUTOS = YES_AGGRESSIVE;
				GCC_WARN_UNUSED_FUNCTION = YES;
				GCC_WARN_UNUSED_VARIABLE = YES;
				IPHONEOS_DEPLOYMENT_TARGET = 12.2;
				MTL_ENABLE_DEBUG_INFO = NO;
				MTL_FAST_MATH = YES;
				SDKROOT = iphoneos;
				SWIFT_COMPILATION_MODE = wholemodule;
				SWIFT_OPTIMIZATION_LEVEL = "-O";
				VALIDATE_PRODUCT = YES;
			};
			name = Release;
		};
		FA63AFEF227361ED0079D8D6 /* Debug */ = {
			isa = XCBuildConfiguration;
			buildSettings = {
				ASSETCATALOG_COMPILER_APPICON_NAME = AppIcon;
				CODE_SIGN_STYLE = Automatic;
				DEVELOPMENT_TEAM = HWY7Z9R9K5;
				INFOPLIST_FILE = "iOS-Sprint-Challenge/Info.plist";
				LD_RUNPATH_SEARCH_PATHS = (
					"$(inherited)",
					"@executable_path/Frameworks",
				);
				PRODUCT_BUNDLE_IDENTIFIER = "com.blairholmgren.iOS-Sprint-Challenge";
				PRODUCT_NAME = "$(TARGET_NAME)";
				SWIFT_VERSION = 5.0;
				TARGETED_DEVICE_FAMILY = "1,2";
			};
			name = Debug;
		};
		FA63AFF0227361ED0079D8D6 /* Release */ = {
			isa = XCBuildConfiguration;
			buildSettings = {
				ASSETCATALOG_COMPILER_APPICON_NAME = AppIcon;
				CODE_SIGN_STYLE = Automatic;
				DEVELOPMENT_TEAM = HWY7Z9R9K5;
				INFOPLIST_FILE = "iOS-Sprint-Challenge/Info.plist";
				LD_RUNPATH_SEARCH_PATHS = (
					"$(inherited)",
					"@executable_path/Frameworks",
				);
				PRODUCT_BUNDLE_IDENTIFIER = "com.blairholmgren.iOS-Sprint-Challenge";
				PRODUCT_NAME = "$(TARGET_NAME)";
				SWIFT_VERSION = 5.0;
				TARGETED_DEVICE_FAMILY = "1,2";
			};
			name = Release;
		};
/* End XCBuildConfiguration section */

/* Begin XCConfigurationList section */
		FA63AFD7227361EC0079D8D6 /* Build configuration list for PBXProject "iOS-Sprint-Challenge" */ = {
			isa = XCConfigurationList;
			buildConfigurations = (
				FA63AFEC227361ED0079D8D6 /* Debug */,
				FA63AFED227361ED0079D8D6 /* Release */,
			);
			defaultConfigurationIsVisible = 0;
			defaultConfigurationName = Release;
		};
		FA63AFEE227361ED0079D8D6 /* Build configuration list for PBXNativeTarget "iOS-Sprint-Challenge" */ = {
			isa = XCConfigurationList;
			buildConfigurations = (
				FA63AFEF227361ED0079D8D6 /* Debug */,
				FA63AFF0227361ED0079D8D6 /* Release */,
			);
			defaultConfigurationIsVisible = 0;
			defaultConfigurationName = Release;
		};
/* End XCConfigurationList section */
	};
	rootObject = FA63AFD4227361EC0079D8D6 /* Project object */;
}
